<?xml version="1.0" encoding="UTF-8"?>
<CodeBlocks_project_file>
	<FileVersion major="1" minor="6"/>
	<Project>
		<Option title="ibh_frontend"/>
		<Option makefile_is_custom="1"/>
		<Option compiler="gcc"/>
		<Option virtualFolders="CMake Files\;CMake Files\common\;CMake Files\frontend\;CMake Files\server\;"/>
		<Build>
			<Target title="all">
				<Option working_dir="/home/oipo-unencrypted/Programming/IdleBossHunter/frontend"/>
				<Option type="4"/>
				<MakeCommands>
					<Build command="/usr/bin/make -f &quot;/home/oipo-unencrypted/Programming/IdleBossHunter/frontend/Makefile&quot;  VERBOSE=1 all"/>
					<CompileFile command="/usr/bin/make -f &quot;/home/oipo-unencrypted/Programming/IdleBossHunter/frontend/Makefile&quot;  VERBOSE=1 &quot;$file&quot;"/>
					<Clean command="/usr/bin/make -f &quot;/home/oipo-unencrypted/Programming/IdleBossHunter/frontend/Makefile&quot;  VERBOSE=1 clean"/>
					<DistClean command="/usr/bin/make -f &quot;/home/oipo-unencrypted/Programming/IdleBossHunter/frontend/Makefile&quot;  VERBOSE=1 clean"/>
				</MakeCommands>
			</Target>
			<Target title="ibh_frontend_benchmark">
				<Option output="/home/oipo-unencrypted/Programming/IdleBossHunter/frontend/bin/ibh_frontend_benchmark" prefix_auto="0" extension_auto="0"/>
				<Option working_dir="/home/oipo-unencrypted/Programming/IdleBossHunter/frontend/bin"/>
				<Option object_output="./"/>
				<Option type="1"/>
				<Option compiler="gcc"/>
				<Compiler>
					<Add directory="/home/oipo-unencrypted/Programming/IdleBossHunter/common/src"/>
					<Add directory="/home/oipo-unencrypted/Programming/IdleBossHunter/frontend/src"/>
					<Add directory="/home/oipo-unencrypted/Programming/IdleBossHunter/external/glm"/>
					<Add directory="/home/oipo-unencrypted/Programming/IdleBossHunter/external/zstd/lib"/>
					<Add directory="/home/oipo-unencrypted/Programming/IdleBossHunter/external/zstd/lib/common"/>
					<Add directory="/home/oipo-unencrypted/Programming/IdleBossHunter/external/spdlog/include"/>
					<Add directory="/home/oipo-unencrypted/Programming/IdleBossHunter/external/rapidjson/include"/>
					<Add directory="/home/oipo-unencrypted/Programming/IdleBossHunter/external/range-v3/include"/>
					<Add directory="/home/oipo-unencrypted/Programming/IdleBossHunter/external/Catch2/single_include"/>
					<Add directory="/home/oipo-unencrypted/Programming/IdleBossHunter/external/xxHash"/>
					<Add directory="/home/oipo-unencrypted/Programming/IdleBossHunter/external/wyhash"/>
					<Add directory="/home/oipo-unencrypted/Programming/IdleBossHunter/external/robin-hood-hashing/src/include"/>
					<Add directory="/home/oipo-unencrypted/Programming/IdleBossHunter/external/entt/src"/>
					<Add directory="/home/oipo-unencrypted/Programming/IdleBossHunter/external/pcg-cpp/include"/>
					<Add directory="/home/oipo-unencrypted/Programming/IdleBossHunter/external/concurrentqueue"/>
					<Add directory="/home/oipo-unencrypted/Programming/IdleBossHunter/external/cereal/include"/>
				</Compiler>
				<MakeCommands>
					<Build command="/usr/bin/make -f &quot;/home/oipo-unencrypted/Programming/IdleBossHunter/frontend/Makefile&quot;  VERBOSE=1 ibh_frontend_benchmark"/>
					<CompileFile command="/usr/bin/make -f &quot;/home/oipo-unencrypted/Programming/IdleBossHunter/frontend/Makefile&quot;  VERBOSE=1 &quot;$file&quot;"/>
					<Clean command="/usr/bin/make -f &quot;/home/oipo-unencrypted/Programming/IdleBossHunter/frontend/Makefile&quot;  VERBOSE=1 clean"/>
					<DistClean command="/usr/bin/make -f &quot;/home/oipo-unencrypted/Programming/IdleBossHunter/frontend/Makefile&quot;  VERBOSE=1 clean"/>
				</MakeCommands>
			</Target>
			<Target title="ibh_frontend_benchmark/fast">
				<Option output="/home/oipo-unencrypted/Programming/IdleBossHunter/frontend/bin/ibh_frontend_benchmark" prefix_auto="0" extension_auto="0"/>
				<Option working_dir="/home/oipo-unencrypted/Programming/IdleBossHunter/frontend/bin"/>
				<Option object_output="./"/>
				<Option type="1"/>
				<Option compiler="gcc"/>
				<Compiler>
					<Add directory="/home/oipo-unencrypted/Programming/IdleBossHunter/common/src"/>
					<Add directory="/home/oipo-unencrypted/Programming/IdleBossHunter/frontend/src"/>
					<Add directory="/home/oipo-unencrypted/Programming/IdleBossHunter/external/glm"/>
					<Add directory="/home/oipo-unencrypted/Programming/IdleBossHunter/external/zstd/lib"/>
					<Add directory="/home/oipo-unencrypted/Programming/IdleBossHunter/external/zstd/lib/common"/>
					<Add directory="/home/oipo-unencrypted/Programming/IdleBossHunter/external/spdlog/include"/>
					<Add directory="/home/oipo-unencrypted/Programming/IdleBossHunter/external/rapidjson/include"/>
					<Add directory="/home/oipo-unencrypted/Programming/IdleBossHunter/external/range-v3/include"/>
					<Add directory="/home/oipo-unencrypted/Programming/IdleBossHunter/external/Catch2/single_include"/>
					<Add directory="/home/oipo-unencrypted/Programming/IdleBossHunter/external/xxHash"/>
					<Add directory="/home/oipo-unencrypted/Programming/IdleBossHunter/external/wyhash"/>
					<Add directory="/home/oipo-unencrypted/Programming/IdleBossHunter/external/robin-hood-hashing/src/include"/>
					<Add directory="/home/oipo-unencrypted/Programming/IdleBossHunter/external/entt/src"/>
					<Add directory="/home/oipo-unencrypted/Programming/IdleBossHunter/external/pcg-cpp/include"/>
					<Add directory="/home/oipo-unencrypted/Programming/IdleBossHunter/external/concurrentqueue"/>
					<Add directory="/home/oipo-unencrypted/Programming/IdleBossHunter/external/cereal/include"/>
				</Compiler>
				<MakeCommands>
					<Build command="/usr/bin/make -f &quot;/home/oipo-unencrypted/Programming/IdleBossHunter/frontend/Makefile&quot;  VERBOSE=1 ibh_frontend_benchmark/fast"/>
					<CompileFile command="/usr/bin/make -f &quot;/home/oipo-unencrypted/Programming/IdleBossHunter/frontend/Makefile&quot;  VERBOSE=1 &quot;$file&quot;"/>
					<Clean command="/usr/bin/make -f &quot;/home/oipo-unencrypted/Programming/IdleBossHunter/frontend/Makefile&quot;  VERBOSE=1 clean"/>
					<DistClean command="/usr/bin/make -f &quot;/home/oipo-unencrypted/Programming/IdleBossHunter/frontend/Makefile&quot;  VERBOSE=1 clean"/>
				</MakeCommands>
			</Target>
			<Target title="ibh_frontend.html">
				<Option output="/home/oipo-unencrypted/Programming/IdleBossHunter/frontend/bin/ibh_frontend.html" prefix_auto="0" extension_auto="0"/>
				<Option working_dir="/home/oipo-unencrypted/Programming/IdleBossHunter/frontend/bin"/>
				<Option object_output="./"/>
				<Option type="1"/>
				<Option compiler="gcc"/>
				<Compiler>
					<Add directory="/home/oipo-unencrypted/Programming/IdleBossHunter/common/src"/>
					<Add directory="/home/oipo-unencrypted/Programming/IdleBossHunter/frontend/src"/>
					<Add directory="/home/oipo-unencrypted/Programming/IdleBossHunter/external/glm"/>
					<Add directory="/home/oipo-unencrypted/Programming/IdleBossHunter/external/zstd/lib"/>
					<Add directory="/home/oipo-unencrypted/Programming/IdleBossHunter/external/zstd/lib/common"/>
					<Add directory="/home/oipo-unencrypted/Programming/IdleBossHunter/external/spdlog/include"/>
					<Add directory="/home/oipo-unencrypted/Programming/IdleBossHunter/external/rapidjson/include"/>
					<Add directory="/home/oipo-unencrypted/Programming/IdleBossHunter/external/range-v3/include"/>
					<Add directory="/home/oipo-unencrypted/Programming/IdleBossHunter/external/Catch2/single_include"/>
					<Add directory="/home/oipo-unencrypted/Programming/IdleBossHunter/external/xxHash"/>
					<Add directory="/home/oipo-unencrypted/Programming/IdleBossHunter/external/wyhash"/>
					<Add directory="/home/oipo-unencrypted/Programming/IdleBossHunter/external/robin-hood-hashing/src/include"/>
					<Add directory="/home/oipo-unencrypted/Programming/IdleBossHunter/external/entt/src"/>
					<Add directory="/home/oipo-unencrypted/Programming/IdleBossHunter/external/pcg-cpp/include"/>
					<Add directory="/home/oipo-unencrypted/Programming/IdleBossHunter/external/concurrentqueue"/>
					<Add directory="/home/oipo-unencrypted/Programming/IdleBossHunter/external/cereal/include"/>
				</Compiler>
				<MakeCommands>
					<Build command="/usr/bin/make -f &quot;/home/oipo-unencrypted/Programming/IdleBossHunter/frontend/Makefile&quot;  VERBOSE=1 ibh_frontend.html"/>
					<CompileFile command="/usr/bin/make -f &quot;/home/oipo-unencrypted/Programming/IdleBossHunter/frontend/Makefile&quot;  VERBOSE=1 &quot;$file&quot;"/>
					<Clean command="/usr/bin/make -f &quot;/home/oipo-unencrypted/Programming/IdleBossHunter/frontend/Makefile&quot;  VERBOSE=1 clean"/>
					<DistClean command="/usr/bin/make -f &quot;/home/oipo-unencrypted/Programming/IdleBossHunter/frontend/Makefile&quot;  VERBOSE=1 clean"/>
				</MakeCommands>
			</Target>
			<Target title="ibh_frontend.html/fast">
				<Option output="/home/oipo-unencrypted/Programming/IdleBossHunter/frontend/bin/ibh_frontend.html" prefix_auto="0" extension_auto="0"/>
				<Option working_dir="/home/oipo-unencrypted/Programming/IdleBossHunter/frontend/bin"/>
				<Option object_output="./"/>
				<Option type="1"/>
				<Option compiler="gcc"/>
				<Compiler>
					<Add directory="/home/oipo-unencrypted/Programming/IdleBossHunter/common/src"/>
					<Add directory="/home/oipo-unencrypted/Programming/IdleBossHunter/frontend/src"/>
					<Add directory="/home/oipo-unencrypted/Programming/IdleBossHunter/external/glm"/>
					<Add directory="/home/oipo-unencrypted/Programming/IdleBossHunter/external/zstd/lib"/>
					<Add directory="/home/oipo-unencrypted/Programming/IdleBossHunter/external/zstd/lib/common"/>
					<Add directory="/home/oipo-unencrypted/Programming/IdleBossHunter/external/spdlog/include"/>
					<Add directory="/home/oipo-unencrypted/Programming/IdleBossHunter/external/rapidjson/include"/>
					<Add directory="/home/oipo-unencrypted/Programming/IdleBossHunter/external/range-v3/include"/>
					<Add directory="/home/oipo-unencrypted/Programming/IdleBossHunter/external/Catch2/single_include"/>
					<Add directory="/home/oipo-unencrypted/Programming/IdleBossHunter/external/xxHash"/>
					<Add directory="/home/oipo-unencrypted/Programming/IdleBossHunter/external/wyhash"/>
					<Add directory="/home/oipo-unencrypted/Programming/IdleBossHunter/external/robin-hood-hashing/src/include"/>
					<Add directory="/home/oipo-unencrypted/Programming/IdleBossHunter/external/entt/src"/>
					<Add directory="/home/oipo-unencrypted/Programming/IdleBossHunter/external/pcg-cpp/include"/>
					<Add directory="/home/oipo-unencrypted/Programming/IdleBossHunter/external/concurrentqueue"/>
					<Add directory="/home/oipo-unencrypted/Programming/IdleBossHunter/external/cereal/include"/>
				</Compiler>
				<MakeCommands>
					<Build command="/usr/bin/make -f &quot;/home/oipo-unencrypted/Programming/IdleBossHunter/frontend/Makefile&quot;  VERBOSE=1 ibh_frontend.html/fast"/>
					<CompileFile command="/usr/bin/make -f &quot;/home/oipo-unencrypted/Programming/IdleBossHunter/frontend/Makefile&quot;  VERBOSE=1 &quot;$file&quot;"/>
					<Clean command="/usr/bin/make -f &quot;/home/oipo-unencrypted/Programming/IdleBossHunter/frontend/Makefile&quot;  VERBOSE=1 clean"/>
					<DistClean command="/usr/bin/make -f &quot;/home/oipo-unencrypted/Programming/IdleBossHunter/frontend/Makefile&quot;  VERBOSE=1 clean"/>
				</MakeCommands>
			</Target>
			<Target title="ibh_frontend_test">
				<Option output="/home/oipo-unencrypted/Programming/IdleBossHunter/frontend/bin/ibh_frontend_test" prefix_auto="0" extension_auto="0"/>
				<Option working_dir="/home/oipo-unencrypted/Programming/IdleBossHunter/frontend/bin"/>
				<Option object_output="./"/>
				<Option type="1"/>
				<Option compiler="gcc"/>
				<Compiler>
					<Add option="-DTEST_CODE=1"/>
					<Add directory="/home/oipo-unencrypted/Programming/IdleBossHunter/common/src"/>
					<Add directory="/home/oipo-unencrypted/Programming/IdleBossHunter/frontend/src"/>
					<Add directory="/home/oipo-unencrypted/Programming/IdleBossHunter/external/glm"/>
					<Add directory="/home/oipo-unencrypted/Programming/IdleBossHunter/external/zstd/lib"/>
					<Add directory="/home/oipo-unencrypted/Programming/IdleBossHunter/external/zstd/lib/common"/>
					<Add directory="/home/oipo-unencrypted/Programming/IdleBossHunter/external/spdlog/include"/>
					<Add directory="/home/oipo-unencrypted/Programming/IdleBossHunter/external/rapidjson/include"/>
					<Add directory="/home/oipo-unencrypted/Programming/IdleBossHunter/external/range-v3/include"/>
					<Add directory="/home/oipo-unencrypted/Programming/IdleBossHunter/external/Catch2/single_include"/>
					<Add directory="/home/oipo-unencrypted/Programming/IdleBossHunter/external/xxHash"/>
					<Add directory="/home/oipo-unencrypted/Programming/IdleBossHunter/external/wyhash"/>
					<Add directory="/home/oipo-unencrypted/Programming/IdleBossHunter/external/robin-hood-hashing/src/include"/>
					<Add directory="/home/oipo-unencrypted/Programming/IdleBossHunter/external/entt/src"/>
					<Add directory="/home/oipo-unencrypted/Programming/IdleBossHunter/external/pcg-cpp/include"/>
					<Add directory="/home/oipo-unencrypted/Programming/IdleBossHunter/external/concurrentqueue"/>
					<Add directory="/home/oipo-unencrypted/Programming/IdleBossHunter/external/cereal/include"/>
				</Compiler>
				<MakeCommands>
					<Build command="/usr/bin/make -f &quot;/home/oipo-unencrypted/Programming/IdleBossHunter/frontend/Makefile&quot;  VERBOSE=1 ibh_frontend_test"/>
					<CompileFile command="/usr/bin/make -f &quot;/home/oipo-unencrypted/Programming/IdleBossHunter/frontend/Makefile&quot;  VERBOSE=1 &quot;$file&quot;"/>
					<Clean command="/usr/bin/make -f &quot;/home/oipo-unencrypted/Programming/IdleBossHunter/frontend/Makefile&quot;  VERBOSE=1 clean"/>
					<DistClean command="/usr/bin/make -f &quot;/home/oipo-unencrypted/Programming/IdleBossHunter/frontend/Makefile&quot;  VERBOSE=1 clean"/>
				</MakeCommands>
			</Target>
			<Target title="ibh_frontend_test/fast">
				<Option output="/home/oipo-unencrypted/Programming/IdleBossHunter/frontend/bin/ibh_frontend_test" prefix_auto="0" extension_auto="0"/>
				<Option working_dir="/home/oipo-unencrypted/Programming/IdleBossHunter/frontend/bin"/>
				<Option object_output="./"/>
				<Option type="1"/>
				<Option compiler="gcc"/>
				<Compiler>
					<Add option="-DTEST_CODE=1"/>
					<Add directory="/home/oipo-unencrypted/Programming/IdleBossHunter/common/src"/>
					<Add directory="/home/oipo-unencrypted/Programming/IdleBossHunter/frontend/src"/>
					<Add directory="/home/oipo-unencrypted/Programming/IdleBossHunter/external/glm"/>
					<Add directory="/home/oipo-unencrypted/Programming/IdleBossHunter/external/zstd/lib"/>
					<Add directory="/home/oipo-unencrypted/Programming/IdleBossHunter/external/zstd/lib/common"/>
					<Add directory="/home/oipo-unencrypted/Programming/IdleBossHunter/external/spdlog/include"/>
					<Add directory="/home/oipo-unencrypted/Programming/IdleBossHunter/external/rapidjson/include"/>
					<Add directory="/home/oipo-unencrypted/Programming/IdleBossHunter/external/range-v3/include"/>
					<Add directory="/home/oipo-unencrypted/Programming/IdleBossHunter/external/Catch2/single_include"/>
					<Add directory="/home/oipo-unencrypted/Programming/IdleBossHunter/external/xxHash"/>
					<Add directory="/home/oipo-unencrypted/Programming/IdleBossHunter/external/wyhash"/>
					<Add directory="/home/oipo-unencrypted/Programming/IdleBossHunter/external/robin-hood-hashing/src/include"/>
					<Add directory="/home/oipo-unencrypted/Programming/IdleBossHunter/external/entt/src"/>
					<Add directory="/home/oipo-unencrypted/Programming/IdleBossHunter/external/pcg-cpp/include"/>
					<Add directory="/home/oipo-unencrypted/Programming/IdleBossHunter/external/concurrentqueue"/>
					<Add directory="/home/oipo-unencrypted/Programming/IdleBossHunter/external/cereal/include"/>
				</Compiler>
				<MakeCommands>
					<Build command="/usr/bin/make -f &quot;/home/oipo-unencrypted/Programming/IdleBossHunter/frontend/Makefile&quot;  VERBOSE=1 ibh_frontend_test/fast"/>
					<CompileFile command="/usr/bin/make -f &quot;/home/oipo-unencrypted/Programming/IdleBossHunter/frontend/Makefile&quot;  VERBOSE=1 &quot;$file&quot;"/>
					<Clean command="/usr/bin/make -f &quot;/home/oipo-unencrypted/Programming/IdleBossHunter/frontend/Makefile&quot;  VERBOSE=1 clean"/>
					<DistClean command="/usr/bin/make -f &quot;/home/oipo-unencrypted/Programming/IdleBossHunter/frontend/Makefile&quot;  VERBOSE=1 clean"/>
				</MakeCommands>
			</Target>
		</Build>
		<Unit filename="/home/oipo-unencrypted/Programming/IdleBossHunter/common/src/base64.cpp">
			<Option target="ibh_frontend_benchmark"/>
			<Option target="ibh_frontend.html"/>
			<Option target="ibh_frontend_test"/>
		</Unit>
		<Unit filename="/home/oipo-unencrypted/Programming/IdleBossHunter/common/src/base64.h">
			<Option target="ibh_frontend_benchmark"/>
			<Option target="ibh_frontend.html"/>
			<Option target="ibh_frontend_test"/>
		</Unit>
		<Unit filename="/home/oipo-unencrypted/Programming/IdleBossHunter/common/src/common_components.cpp">
			<Option target="ibh_frontend_benchmark"/>
			<Option target="ibh_frontend.html"/>
			<Option target="ibh_frontend_test"/>
		</Unit>
		<Unit filename="/home/oipo-unencrypted/Programming/IdleBossHunter/common/src/common_components.h">
			<Option target="ibh_frontend_benchmark"/>
			<Option target="ibh_frontend.html"/>
			<Option target="ibh_frontend_test"/>
		</Unit>
		<Unit filename="/home/oipo-unencrypted/Programming/IdleBossHunter/common/src/messages/chat/message_request.cpp">
			<Option target="ibh_frontend_benchmark"/>
			<Option target="ibh_frontend.html"/>
			<Option target="ibh_frontend_test"/>
		</Unit>
		<Unit filename="/home/oipo-unencrypted/Programming/IdleBossHunter/common/src/messages/chat/message_request.h">
			<Option target="ibh_frontend_benchmark"/>
			<Option target="ibh_frontend.html"/>
			<Option target="ibh_frontend_test"/>
		</Unit>
		<Unit filename="/home/oipo-unencrypted/Programming/IdleBossHunter/common/src/messages/chat/message_response.cpp">
			<Option target="ibh_frontend_benchmark"/>
			<Option target="ibh_frontend.html"/>
			<Option target="ibh_frontend_test"/>
		</Unit>
		<Unit filename="/home/oipo-unencrypted/Programming/IdleBossHunter/common/src/messages/chat/message_response.h">
			<Option target="ibh_frontend_benchmark"/>
			<Option target="ibh_frontend.html"/>
			<Option target="ibh_frontend_test"/>
		</Unit>
		<Unit filename="/home/oipo-unencrypted/Programming/IdleBossHunter/common/src/messages/generic_error_response.cpp">
			<Option target="ibh_frontend_benchmark"/>
			<Option target="ibh_frontend.html"/>
			<Option target="ibh_frontend_test"/>
		</Unit>
		<Unit filename="/home/oipo-unencrypted/Programming/IdleBossHunter/common/src/messages/generic_error_response.h">
			<Option target="ibh_frontend_benchmark"/>
			<Option target="ibh_frontend.html"/>
			<Option target="ibh_frontend_test"/>
		</Unit>
		<Unit filename="/home/oipo-unencrypted/Programming/IdleBossHunter/common/src/messages/generic_ok_response.cpp">
			<Option target="ibh_frontend_benchmark"/>
			<Option target="ibh_frontend.html"/>
			<Option target="ibh_frontend_test"/>
		</Unit>
		<Unit filename="/home/oipo-unencrypted/Programming/IdleBossHunter/common/src/messages/generic_ok_response.h">
			<Option target="ibh_frontend_benchmark"/>
			<Option target="ibh_frontend.html"/>
			<Option target="ibh_frontend_test"/>
		</Unit>
		<Unit filename="/home/oipo-unencrypted/Programming/IdleBossHunter/common/src/messages/moderator/set_motd_request.cpp">
			<Option target="ibh_frontend_benchmark"/>
			<Option target="ibh_frontend.html"/>
			<Option target="ibh_frontend_test"/>
		</Unit>
		<Unit filename="/home/oipo-unencrypted/Programming/IdleBossHunter/common/src/messages/moderator/set_motd_request.h">
			<Option target="ibh_frontend_benchmark"/>
			<Option target="ibh_frontend.html"/>
			<Option target="ibh_frontend_test"/>
		</Unit>
		<Unit filename="/home/oipo-unencrypted/Programming/IdleBossHunter/common/src/messages/moderator/update_motd_response.cpp">
			<Option target="ibh_frontend_benchmark"/>
			<Option target="ibh_frontend.html"/>
			<Option target="ibh_frontend_test"/>
		</Unit>
		<Unit filename="/home/oipo-unencrypted/Programming/IdleBossHunter/common/src/messages/moderator/update_motd_response.h">
			<Option target="ibh_frontend_benchmark"/>
			<Option target="ibh_frontend.html"/>
			<Option target="ibh_frontend_test"/>
		</Unit>
		<Unit filename="/home/oipo-unencrypted/Programming/IdleBossHunter/common/src/messages/objects/account_object.cpp">
			<Option target="ibh_frontend_benchmark"/>
			<Option target="ibh_frontend.html"/>
			<Option target="ibh_frontend_test"/>
		</Unit>
		<Unit filename="/home/oipo-unencrypted/Programming/IdleBossHunter/common/src/messages/objects/account_object.h">
			<Option target="ibh_frontend_benchmark"/>
			<Option target="ibh_frontend.html"/>
			<Option target="ibh_frontend_test"/>
		</Unit>
		<Unit filename="/home/oipo-unencrypted/Programming/IdleBossHunter/common/src/messages/objects/character_object.cpp">
			<Option target="ibh_frontend_benchmark"/>
			<Option target="ibh_frontend.html"/>
			<Option target="ibh_frontend_test"/>
		</Unit>
		<Unit filename="/home/oipo-unencrypted/Programming/IdleBossHunter/common/src/messages/objects/character_object.h">
			<Option target="ibh_frontend_benchmark"/>
			<Option target="ibh_frontend.html"/>
			<Option target="ibh_frontend_test"/>
		</Unit>
		<Unit filename="/home/oipo-unencrypted/Programming/IdleBossHunter/common/src/messages/objects/item_object.cpp">
			<Option target="ibh_frontend_benchmark"/>
			<Option target="ibh_frontend.html"/>
			<Option target="ibh_frontend_test"/>
		</Unit>
		<Unit filename="/home/oipo-unencrypted/Programming/IdleBossHunter/common/src/messages/objects/item_object.h">
			<Option target="ibh_frontend_benchmark"/>
			<Option target="ibh_frontend.html"/>
			<Option target="ibh_frontend_test"/>
		</Unit>
		<Unit filename="/home/oipo-unencrypted/Programming/IdleBossHunter/common/src/messages/objects/skill_object.cpp">
			<Option target="ibh_frontend_benchmark"/>
			<Option target="ibh_frontend.html"/>
			<Option target="ibh_frontend_test"/>
		</Unit>
		<Unit filename="/home/oipo-unencrypted/Programming/IdleBossHunter/common/src/messages/objects/skill_object.h">
			<Option target="ibh_frontend_benchmark"/>
			<Option target="ibh_frontend.html"/>
			<Option target="ibh_frontend_test"/>
		</Unit>
		<Unit filename="/home/oipo-unencrypted/Programming/IdleBossHunter/common/src/messages/update_response.cpp">
			<Option target="ibh_frontend_benchmark"/>
			<Option target="ibh_frontend.html"/>
			<Option target="ibh_frontend_test"/>
		</Unit>
		<Unit filename="/home/oipo-unencrypted/Programming/IdleBossHunter/common/src/messages/update_response.h">
			<Option target="ibh_frontend_benchmark"/>
			<Option target="ibh_frontend.html"/>
			<Option target="ibh_frontend_test"/>
		</Unit>
		<Unit filename="/home/oipo-unencrypted/Programming/IdleBossHunter/common/src/messages/user_access/character_select_request.cpp">
			<Option target="ibh_frontend_benchmark"/>
			<Option target="ibh_frontend.html"/>
			<Option target="ibh_frontend_test"/>
		</Unit>
		<Unit filename="/home/oipo-unencrypted/Programming/IdleBossHunter/common/src/messages/user_access/character_select_request.h">
			<Option target="ibh_frontend_benchmark"/>
			<Option target="ibh_frontend.html"/>
			<Option target="ibh_frontend_test"/>
		</Unit>
		<Unit filename="/home/oipo-unencrypted/Programming/IdleBossHunter/common/src/messages/user_access/character_select_response.cpp">
			<Option target="ibh_frontend_benchmark"/>
			<Option target="ibh_frontend.html"/>
			<Option target="ibh_frontend_test"/>
		</Unit>
		<Unit filename="/home/oipo-unencrypted/Programming/IdleBossHunter/common/src/messages/user_access/character_select_response.h">
			<Option target="ibh_frontend_benchmark"/>
			<Option target="ibh_frontend.html"/>
			<Option target="ibh_frontend_test"/>
		</Unit>
		<Unit filename="/home/oipo-unencrypted/Programming/IdleBossHunter/common/src/messages/user_access/create_character_request.cpp">
			<Option target="ibh_frontend_benchmark"/>
			<Option target="ibh_frontend.html"/>
			<Option target="ibh_frontend_test"/>
		</Unit>
		<Unit filename="/home/oipo-unencrypted/Programming/IdleBossHunter/common/src/messages/user_access/create_character_request.h">
			<Option target="ibh_frontend_benchmark"/>
			<Option target="ibh_frontend.html"/>
			<Option target="ibh_frontend_test"/>
		</Unit>
		<Unit filename="/home/oipo-unencrypted/Programming/IdleBossHunter/common/src/messages/user_access/create_character_response.cpp">
			<Option target="ibh_frontend_benchmark"/>
			<Option target="ibh_frontend.html"/>
			<Option target="ibh_frontend_test"/>
		</Unit>
		<Unit filename="/home/oipo-unencrypted/Programming/IdleBossHunter/common/src/messages/user_access/create_character_response.h">
			<Option target="ibh_frontend_benchmark"/>
			<Option target="ibh_frontend.html"/>
			<Option target="ibh_frontend_test"/>
		</Unit>
		<Unit filename="/home/oipo-unencrypted/Programming/IdleBossHunter/common/src/messages/user_access/delete_character_request.cpp">
			<Option target="ibh_frontend_benchmark"/>
			<Option target="ibh_frontend.html"/>
			<Option target="ibh_frontend_test"/>
		</Unit>
		<Unit filename="/home/oipo-unencrypted/Programming/IdleBossHunter/common/src/messages/user_access/delete_character_request.h">
			<Option target="ibh_frontend_benchmark"/>
			<Option target="ibh_frontend.html"/>
			<Option target="ibh_frontend_test"/>
		</Unit>
		<Unit filename="/home/oipo-unencrypted/Programming/IdleBossHunter/common/src/messages/user_access/login_request.cpp">
			<Option target="ibh_frontend_benchmark"/>
			<Option target="ibh_frontend.html"/>
			<Option target="ibh_frontend_test"/>
		</Unit>
		<Unit filename="/home/oipo-unencrypted/Programming/IdleBossHunter/common/src/messages/user_access/login_request.h">
			<Option target="ibh_frontend_benchmark"/>
			<Option target="ibh_frontend.html"/>
			<Option target="ibh_frontend_test"/>
		</Unit>
		<Unit filename="/home/oipo-unencrypted/Programming/IdleBossHunter/common/src/messages/user_access/login_response.cpp">
			<Option target="ibh_frontend_benchmark"/>
			<Option target="ibh_frontend.html"/>
			<Option target="ibh_frontend_test"/>
		</Unit>
		<Unit filename="/home/oipo-unencrypted/Programming/IdleBossHunter/common/src/messages/user_access/login_response.h">
			<Option target="ibh_frontend_benchmark"/>
			<Option target="ibh_frontend.html"/>
			<Option target="ibh_frontend_test"/>
		</Unit>
		<Unit filename="/home/oipo-unencrypted/Programming/IdleBossHunter/common/src/messages/user_access/play_character_request.cpp">
			<Option target="ibh_frontend_benchmark"/>
			<Option target="ibh_frontend.html"/>
			<Option target="ibh_frontend_test"/>
		</Unit>
		<Unit filename="/home/oipo-unencrypted/Programming/IdleBossHunter/common/src/messages/user_access/play_character_request.h">
			<Option target="ibh_frontend_benchmark"/>
			<Option target="ibh_frontend.html"/>
			<Option target="ibh_frontend_test"/>
		</Unit>
		<Unit filename="/home/oipo-unencrypted/Programming/IdleBossHunter/common/src/messages/user_access/play_character_response.cpp">
			<Option target="ibh_frontend_benchmark"/>
			<Option target="ibh_frontend.html"/>
			<Option target="ibh_frontend_test"/>
		</Unit>
		<Unit filename="/home/oipo-unencrypted/Programming/IdleBossHunter/common/src/messages/user_access/play_character_response.h">
			<Option target="ibh_frontend_benchmark"/>
			<Option target="ibh_frontend.html"/>
			<Option target="ibh_frontend_test"/>
		</Unit>
		<Unit filename="/home/oipo-unencrypted/Programming/IdleBossHunter/common/src/messages/user_access/register_request.cpp">
			<Option target="ibh_frontend_benchmark"/>
			<Option target="ibh_frontend.html"/>
			<Option target="ibh_frontend_test"/>
		</Unit>
		<Unit filename="/home/oipo-unencrypted/Programming/IdleBossHunter/common/src/messages/user_access/register_request.h">
			<Option target="ibh_frontend_benchmark"/>
			<Option target="ibh_frontend.html"/>
			<Option target="ibh_frontend_test"/>
		</Unit>
		<Unit filename="/home/oipo-unencrypted/Programming/IdleBossHunter/common/src/messages/user_access/user_entered_game_response.cpp">
			<Option target="ibh_frontend_benchmark"/>
			<Option target="ibh_frontend.html"/>
			<Option target="ibh_frontend_test"/>
		</Unit>
		<Unit filename="/home/oipo-unencrypted/Programming/IdleBossHunter/common/src/messages/user_access/user_entered_game_response.h">
			<Option target="ibh_frontend_benchmark"/>
			<Option target="ibh_frontend.html"/>
			<Option target="ibh_frontend_test"/>
		</Unit>
		<Unit filename="/home/oipo-unencrypted/Programming/IdleBossHunter/common/src/messages/user_access/user_left_game_response.cpp">
			<Option target="ibh_frontend_benchmark"/>
			<Option target="ibh_frontend.html"/>
			<Option target="ibh_frontend_test"/>
		</Unit>
		<Unit filename="/home/oipo-unencrypted/Programming/IdleBossHunter/common/src/messages/user_access/user_left_game_response.h">
			<Option target="ibh_frontend_benchmark"/>
			<Option target="ibh_frontend.html"/>
			<Option target="ibh_frontend_test"/>
		</Unit>
		<Unit filename="/home/oipo-unencrypted/Programming/IdleBossHunter/common/src/random_helper.cpp">
			<Option target="ibh_frontend_benchmark"/>
			<Option target="ibh_frontend.html"/>
			<Option target="ibh_frontend_test"/>
		</Unit>
		<Unit filename="/home/oipo-unencrypted/Programming/IdleBossHunter/common/src/random_helper.h">
			<Option target="ibh_frontend_benchmark"/>
			<Option target="ibh_frontend.html"/>
			<Option target="ibh_frontend_test"/>
		</Unit>
		<Unit filename="/home/oipo-unencrypted/Programming/IdleBossHunter/common/src/utf.cpp">
			<Option target="ibh_frontend_benchmark"/>
			<Option target="ibh_frontend.html"/>
			<Option target="ibh_frontend_test"/>
		</Unit>
		<Unit filename="/home/oipo-unencrypted/Programming/IdleBossHunter/common/src/utf.h">
			<Option target="ibh_frontend_benchmark"/>
			<Option target="ibh_frontend.html"/>
			<Option target="ibh_frontend_test"/>
		</Unit>
		<Unit filename="/home/oipo-unencrypted/Programming/IdleBossHunter/common/src/working_directory_manipulation.cpp">
			<Option target="ibh_frontend_benchmark"/>
			<Option target="ibh_frontend.html"/>
			<Option target="ibh_frontend_test"/>
		</Unit>
		<Unit filename="/home/oipo-unencrypted/Programming/IdleBossHunter/common/src/working_directory_manipulation.h">
			<Option target="ibh_frontend_benchmark"/>
			<Option target="ibh_frontend.html"/>
			<Option target="ibh_frontend_test"/>
		</Unit>
		<Unit filename="/home/oipo-unencrypted/Programming/IdleBossHunter/external/spdlog/src/async.cpp">
			<Option target="ibh_frontend_benchmark"/>
			<Option target="ibh_frontend.html"/>
			<Option target="ibh_frontend_test"/>
		</Unit>
		<Unit filename="/home/oipo-unencrypted/Programming/IdleBossHunter/external/spdlog/src/color_sinks.cpp">
			<Option target="ibh_frontend_benchmark"/>
			<Option target="ibh_frontend.html"/>
			<Option target="ibh_frontend_test"/>
		</Unit>
		<Unit filename="/home/oipo-unencrypted/Programming/IdleBossHunter/external/spdlog/src/file_sinks.cpp">
			<Option target="ibh_frontend_benchmark"/>
			<Option target="ibh_frontend.html"/>
			<Option target="ibh_frontend_test"/>
		</Unit>
		<Unit filename="/home/oipo-unencrypted/Programming/IdleBossHunter/external/spdlog/src/fmt.cpp">
			<Option target="ibh_frontend_benchmark"/>
			<Option target="ibh_frontend.html"/>
			<Option target="ibh_frontend_test"/>
		</Unit>
		<Unit filename="/home/oipo-unencrypted/Programming/IdleBossHunter/external/spdlog/src/spdlog.cpp">
			<Option target="ibh_frontend_benchmark"/>
			<Option target="ibh_frontend.html"/>
			<Option target="ibh_frontend_test"/>
		</Unit>
		<Unit filename="/home/oipo-unencrypted/Programming/IdleBossHunter/external/spdlog/src/stdout_sinks.cpp">
			<Option target="ibh_frontend_benchmark"/>
			<Option target="ibh_frontend.html"/>
			<Option target="ibh_frontend_test"/>
		</Unit>
		<Unit filename="/home/oipo-unencrypted/Programming/IdleBossHunter/frontend/src/ecs/systems/ai_system.cpp">
			<Option target="ibh_frontend_benchmark"/>
			<Option target="ibh_frontend.html"/>
			<Option target="ibh_frontend_test"/>
		</Unit>
		<Unit filename="/home/oipo-unencrypted/Programming/IdleBossHunter/frontend/src/ecs/systems/ai_system.h">
			<Option target="ibh_frontend_benchmark"/>
			<Option target="ibh_frontend.html"/>
			<Option target="ibh_frontend_test"/>
		</Unit>
		<Unit filename="/home/oipo-unencrypted/Programming/IdleBossHunter/frontend/src/ecs/systems/battle_system.cpp">
			<Option target="ibh_frontend_benchmark"/>
			<Option target="ibh_frontend.html"/>
			<Option target="ibh_frontend_test"/>
		</Unit>
		<Unit filename="/home/oipo-unencrypted/Programming/IdleBossHunter/frontend/src/ecs/systems/battle_system.h">
			<Option target="ibh_frontend.html"/>
		</Unit>
		<Unit filename="/home/oipo-unencrypted/Programming/IdleBossHunter/frontend/src/ecs/systems/effects_system.cpp">
			<Option target="ibh_frontend_benchmark"/>
			<Option target="ibh_frontend.html"/>
			<Option target="ibh_frontend_test"/>
		</Unit>
		<Unit filename="/home/oipo-unencrypted/Programming/IdleBossHunter/frontend/src/ecs/systems/effects_system.h">
			<Option target="ibh_frontend_benchmark"/>
			<Option target="ibh_frontend.html"/>
			<Option target="ibh_frontend_test"/>
		</Unit>
		<Unit filename="/home/oipo-unencrypted/Programming/IdleBossHunter/frontend/src/ecs/systems/physics_system.cpp">
			<Option target="ibh_frontend_benchmark"/>
			<Option target="ibh_frontend.html"/>
			<Option target="ibh_frontend_test"/>
		</Unit>
		<Unit filename="/home/oipo-unencrypted/Programming/IdleBossHunter/frontend/src/ecs/systems/physics_system.h">
			<Option target="ibh_frontend_benchmark"/>
			<Option target="ibh_frontend.html"/>
			<Option target="ibh_frontend_test"/>
		</Unit>
		<Unit filename="/home/oipo-unencrypted/Programming/IdleBossHunter/frontend/src/ecs/systems/rendering_system.cpp">
			<Option target="ibh_frontend_benchmark"/>
			<Option target="ibh_frontend.html"/>
			<Option target="ibh_frontend_test"/>
		</Unit>
		<Unit filename="/home/oipo-unencrypted/Programming/IdleBossHunter/frontend/src/ecs/systems/rendering_system.h">
			<Option target="ibh_frontend_benchmark"/>
			<Option target="ibh_frontend.html"/>
			<Option target="ibh_frontend_test"/>
		</Unit>
		<Unit filename="/home/oipo-unencrypted/Programming/IdleBossHunter/frontend/src/ecs/systems/scene_system.cpp">
			<Option target="ibh_frontend_benchmark"/>
			<Option target="ibh_frontend.html"/>
			<Option target="ibh_frontend_test"/>
		</Unit>
		<Unit filename="/home/oipo-unencrypted/Programming/IdleBossHunter/frontend/src/ecs/systems/scene_system.h">
			<Option target="ibh_frontend_benchmark"/>
			<Option target="ibh_frontend.html"/>
			<Option target="ibh_frontend_test"/>
		</Unit>
		<Unit filename="/home/oipo-unencrypted/Programming/IdleBossHunter/frontend/src/init/logger_init.cpp">
			<Option target="ibh_frontend_benchmark"/>
			<Option target="ibh_frontend.html"/>
			<Option target="ibh_frontend_test"/>
		</Unit>
		<Unit filename="/home/oipo-unencrypted/Programming/IdleBossHunter/frontend/src/init/logger_init.h">
			<Option target="ibh_frontend_benchmark"/>
			<Option target="ibh_frontend.html"/>
			<Option target="ibh_frontend_test"/>
		</Unit>
		<Unit filename="/home/oipo-unencrypted/Programming/IdleBossHunter/frontend/src/init/sdl_init.cpp">
			<Option target="ibh_frontend_benchmark"/>
			<Option target="ibh_frontend.html"/>
			<Option target="ibh_frontend_test"/>
		</Unit>
		<Unit filename="/home/oipo-unencrypted/Programming/IdleBossHunter/frontend/src/init/sdl_init.h">
			<Option target="ibh_frontend_benchmark"/>
			<Option target="ibh_frontend.html"/>
			<Option target="ibh_frontend_test"/>
		</Unit>
		<Unit filename="/home/oipo-unencrypted/Programming/IdleBossHunter/frontend/src/main.cpp">
			<Option target="ibh_frontend.html"/>
		</Unit>
		<Unit filename="/home/oipo-unencrypted/Programming/IdleBossHunter/frontend/src/map_loading/map.cpp">
			<Option target="ibh_frontend_benchmark"/>
			<Option target="ibh_frontend.html"/>
			<Option target="ibh_frontend_test"/>
		</Unit>
		<Unit filename="/home/oipo-unencrypted/Programming/IdleBossHunter/frontend/src/map_loading/map.h">
			<Option target="ibh_frontend_benchmark"/>
			<Option target="ibh_frontend.html"/>
			<Option target="ibh_frontend_test"/>
		</Unit>
		<Unit filename="/home/oipo-unencrypted/Programming/IdleBossHunter/frontend/src/map_loading/tileset.cpp">
			<Option target="ibh_frontend_benchmark"/>
			<Option target="ibh_frontend.html"/>
			<Option target="ibh_frontend_test"/>
		</Unit>
		<Unit filename="/home/oipo-unencrypted/Programming/IdleBossHunter/frontend/src/map_loading/tileset.h">
			<Option target="ibh_frontend_benchmark"/>
			<Option target="ibh_frontend.html"/>
			<Option target="ibh_frontend_test"/>
		</Unit>
		<Unit filename="/home/oipo-unencrypted/Programming/IdleBossHunter/frontend/src/rendering/imgui/imgui.cpp">
			<Option target="ibh_frontend_benchmark"/>
			<Option target="ibh_frontend.html"/>
			<Option target="ibh_frontend_test"/>
		</Unit>
		<Unit filename="/home/oipo-unencrypted/Programming/IdleBossHunter/frontend/src/rendering/imgui/imgui.h">
			<Option target="ibh_frontend_benchmark"/>
			<Option target="ibh_frontend.html"/>
			<Option target="ibh_frontend_test"/>
		</Unit>
		<Unit filename="/home/oipo-unencrypted/Programming/IdleBossHunter/frontend/src/rendering/imgui/imgui_demo.cpp">
			<Option target="ibh_frontend_benchmark"/>
			<Option target="ibh_frontend.html"/>
			<Option target="ibh_frontend_test"/>
		</Unit>
		<Unit filename="/home/oipo-unencrypted/Programming/IdleBossHunter/frontend/src/rendering/imgui/imgui_draw.cpp">
			<Option target="ibh_frontend_benchmark"/>
			<Option target="ibh_frontend.html"/>
			<Option target="ibh_frontend_test"/>
		</Unit>
		<Unit filename="/home/oipo-unencrypted/Programming/IdleBossHunter/frontend/src/rendering/imgui/imgui_impl_opengl3.cpp">
			<Option target="ibh_frontend_benchmark"/>
			<Option target="ibh_frontend.html"/>
			<Option target="ibh_frontend_test"/>
		</Unit>
		<Unit filename="/home/oipo-unencrypted/Programming/IdleBossHunter/frontend/src/rendering/imgui/imgui_impl_opengl3.h">
			<Option target="ibh_frontend_benchmark"/>
			<Option target="ibh_frontend.html"/>
			<Option target="ibh_frontend_test"/>
		</Unit>
		<Unit filename="/home/oipo-unencrypted/Programming/IdleBossHunter/frontend/src/rendering/imgui/imgui_impl_sdl.cpp">
			<Option target="ibh_frontend_benchmark"/>
			<Option target="ibh_frontend.html"/>
			<Option target="ibh_frontend_test"/>
		</Unit>
		<Unit filename="/home/oipo-unencrypted/Programming/IdleBossHunter/frontend/src/rendering/imgui/imgui_impl_sdl.h">
			<Option target="ibh_frontend_benchmark"/>
			<Option target="ibh_frontend.html"/>
			<Option target="ibh_frontend_test"/>
		</Unit>
		<Unit filename="/home/oipo-unencrypted/Programming/IdleBossHunter/frontend/src/rendering/imgui/imgui_widgets.cpp">
			<Option target="ibh_frontend_benchmark"/>
			<Option target="ibh_frontend.html"/>
			<Option target="ibh_frontend_test"/>
		</Unit>
		<Unit filename="/home/oipo-unencrypted/Programming/IdleBossHunter/frontend/src/rendering/shader_utils.cpp">
			<Option target="ibh_frontend_benchmark"/>
			<Option target="ibh_frontend.html"/>
			<Option target="ibh_frontend_test"/>
		</Unit>
		<Unit filename="/home/oipo-unencrypted/Programming/IdleBossHunter/frontend/src/rendering/shader_utils.h">
			<Option target="ibh_frontend_benchmark"/>
			<Option target="ibh_frontend.html"/>
			<Option target="ibh_frontend_test"/>
		</Unit>
		<Unit filename="/home/oipo-unencrypted/Programming/IdleBossHunter/frontend/src/rendering/sprite.cpp">
			<Option target="ibh_frontend_benchmark"/>
			<Option target="ibh_frontend.html"/>
			<Option target="ibh_frontend_test"/>
		</Unit>
		<Unit filename="/home/oipo-unencrypted/Programming/IdleBossHunter/frontend/src/rendering/sprite.h">
			<Option target="ibh_frontend_benchmark"/>
			<Option target="ibh_frontend.html"/>
			<Option target="ibh_frontend_test"/>
		</Unit>
		<Unit filename="/home/oipo-unencrypted/Programming/IdleBossHunter/frontend/src/rendering/texture.cpp">
			<Option target="ibh_frontend_benchmark"/>
			<Option target="ibh_frontend.html"/>
			<Option target="ibh_frontend_test"/>
		</Unit>
		<Unit filename="/home/oipo-unencrypted/Programming/IdleBossHunter/frontend/src/rendering/texture.h">
			<Option target="ibh_frontend_benchmark"/>
			<Option target="ibh_frontend.html"/>
			<Option target="ibh_frontend_test"/>
		</Unit>
		<Unit filename="/home/oipo-unencrypted/Programming/IdleBossHunter/frontend/src/rendering/texture_atlas.cpp">
			<Option target="ibh_frontend_benchmark"/>
			<Option target="ibh_frontend.html"/>
			<Option target="ibh_frontend_test"/>
		</Unit>
		<Unit filename="/home/oipo-unencrypted/Programming/IdleBossHunter/frontend/src/rendering/texture_atlas.h">
			<Option target="ibh_frontend_benchmark"/>
			<Option target="ibh_frontend.html"/>
			<Option target="ibh_frontend_test"/>
		</Unit>
		<Unit filename="/home/oipo-unencrypted/Programming/IdleBossHunter/frontend/src/rendering/texture_manager.cpp">
			<Option target="ibh_frontend_benchmark"/>
			<Option target="ibh_frontend.html"/>
			<Option target="ibh_frontend_test"/>
		</Unit>
		<Unit filename="/home/oipo-unencrypted/Programming/IdleBossHunter/frontend/src/rendering/texture_manager.h">
			<Option target="ibh_frontend_benchmark"/>
			<Option target="ibh_frontend.html"/>
			<Option target="ibh_frontend_test"/>
		</Unit>
		<Unit filename="/home/oipo-unencrypted/Programming/IdleBossHunter/frontend/src/scenes/gui_scenes/alpha_window_scene.cpp">
			<Option target="ibh_frontend_benchmark"/>
			<Option target="ibh_frontend.html"/>
			<Option target="ibh_frontend_test"/>
		</Unit>
		<Unit filename="/home/oipo-unencrypted/Programming/IdleBossHunter/frontend/src/scenes/gui_scenes/alpha_window_scene.h">
			<Option target="ibh_frontend_benchmark"/>
			<Option target="ibh_frontend.html"/>
			<Option target="ibh_frontend_test"/>
		</Unit>
		<Unit filename="/home/oipo-unencrypted/Programming/IdleBossHunter/frontend/src/scenes/gui_scenes/chat_scene.cpp">
			<Option target="ibh_frontend_benchmark"/>
			<Option target="ibh_frontend.html"/>
			<Option target="ibh_frontend_test"/>
		</Unit>
		<Unit filename="/home/oipo-unencrypted/Programming/IdleBossHunter/frontend/src/scenes/gui_scenes/chat_scene.h">
			<Option target="ibh_frontend_benchmark"/>
			<Option target="ibh_frontend.html"/>
			<Option target="ibh_frontend_test"/>
		</Unit>
		<Unit filename="/home/oipo-unencrypted/Programming/IdleBossHunter/frontend/src/scenes/gui_scenes/connection_lost_scene.cpp">
			<Option target="ibh_frontend_benchmark"/>
			<Option target="ibh_frontend.html"/>
			<Option target="ibh_frontend_test"/>
		</Unit>
		<Unit filename="/home/oipo-unencrypted/Programming/IdleBossHunter/frontend/src/scenes/gui_scenes/connection_lost_scene.h">
			<Option target="ibh_frontend_benchmark"/>
			<Option target="ibh_frontend.html"/>
			<Option target="ibh_frontend_test"/>
		</Unit>
		<Unit filename="/home/oipo-unencrypted/Programming/IdleBossHunter/frontend/src/scenes/gui_scenes/login_menu_scene.cpp">
			<Option target="ibh_frontend_benchmark"/>
			<Option target="ibh_frontend.html"/>
			<Option target="ibh_frontend_test"/>
		</Unit>
		<Unit filename="/home/oipo-unencrypted/Programming/IdleBossHunter/frontend/src/scenes/gui_scenes/login_menu_scene.h">
			<Option target="ibh_frontend_benchmark"/>
			<Option target="ibh_frontend.html"/>
			<Option target="ibh_frontend_test"/>
		</Unit>
		<Unit filename="/home/oipo-unencrypted/Programming/IdleBossHunter/frontend/src/scenes/gui_scenes/main_menu_scene.cpp">
			<Option target="ibh_frontend_benchmark"/>
			<Option target="ibh_frontend.html"/>
			<Option target="ibh_frontend_test"/>
		</Unit>
		<Unit filename="/home/oipo-unencrypted/Programming/IdleBossHunter/frontend/src/scenes/gui_scenes/main_menu_scene.h">
			<Option target="ibh_frontend_benchmark"/>
			<Option target="ibh_frontend.html"/>
			<Option target="ibh_frontend_test"/>
		</Unit>
		<Unit filename="/home/oipo-unencrypted/Programming/IdleBossHunter/frontend/src/scenes/gui_scenes/settings_menu_scene.cpp">
			<Option target="ibh_frontend_benchmark"/>
			<Option target="ibh_frontend.html"/>
			<Option target="ibh_frontend_test"/>
		</Unit>
		<Unit filename="/home/oipo-unencrypted/Programming/IdleBossHunter/frontend/src/scenes/gui_scenes/settings_menu_scene.h">
			<Option target="ibh_frontend_benchmark"/>
			<Option target="ibh_frontend.html"/>
			<Option target="ibh_frontend_test"/>
		</Unit>
		<Unit filename="/home/oipo-unencrypted/Programming/IdleBossHunter/frontend/src/scenes/gui_scenes/show_characters_scene.cpp">
			<Option target="ibh_frontend_benchmark"/>
			<Option target="ibh_frontend.html"/>
			<Option target="ibh_frontend_test"/>
		</Unit>
		<Unit filename="/home/oipo-unencrypted/Programming/IdleBossHunter/frontend/src/scenes/gui_scenes/show_characters_scene.h">
			<Option target="ibh_frontend_benchmark"/>
			<Option target="ibh_frontend.html"/>
			<Option target="ibh_frontend_test"/>
		</Unit>
		<Unit filename="/home/oipo-unencrypted/Programming/IdleBossHunter/frontend/src/scenes/scene.cpp">
			<Option target="ibh_frontend_benchmark"/>
			<Option target="ibh_frontend.html"/>
			<Option target="ibh_frontend_test"/>
		</Unit>
		<Unit filename="/home/oipo-unencrypted/Programming/IdleBossHunter/frontend/src/scenes/scene.h">
			<Option target="ibh_frontend_benchmark"/>
			<Option target="ibh_frontend.html"/>
			<Option target="ibh_frontend_test"/>
		</Unit>
		<Unit filename="/home/oipo-unencrypted/Programming/IdleBossHunter/frontend/src/timer.cpp">
			<Option target="ibh_frontend_benchmark"/>
			<Option target="ibh_frontend.html"/>
			<Option target="ibh_frontend_test"/>
		</Unit>
		<Unit filename="/home/oipo-unencrypted/Programming/IdleBossHunter/frontend/src/timer.h">
			<Option target="ibh_frontend_benchmark"/>
			<Option target="ibh_frontend.html"/>
			<Option target="ibh_frontend_test"/>
		</Unit>
		<Unit filename="/home/oipo-unencrypted/Programming/IdleBossHunter/CMakeLists.txt">
			<Option virtualFolder="CMake Files\"/>
		</Unit>
		<Unit filename="/home/oipo-unencrypted/Programming/IdleBossHunter/common/CMakeLists.txt">
			<Option virtualFolder="CMake Files\common\"/>
		</Unit>
		<Unit filename="/home/oipo-unencrypted/Programming/IdleBossHunter/frontend/CMakeLists.txt">
			<Option virtualFolder="CMake Files\frontend\"/>
		</Unit>
		<Unit filename="/home/oipo-unencrypted/Programming/IdleBossHunter/server/CMakeLists.txt">
			<Option virtualFolder="CMake Files\server\"/>
		</Unit>
	</Project>
</CodeBlocks_project_file>
