<?xml version="1.0" encoding="UTF-8"?>
<CodeBlocks_project_file>
	<FileVersion major="1" minor="6"/>
	<Project>
		<Option title="ibh_backend"/>
		<Option makefile_is_custom="1"/>
		<Option compiler="gcc"/>
		<Option virtualFolders="CMake Files\;CMake Files\common\;CMake Files\frontend\;CMake Files\server\;"/>
		<Build>
			<Target title="all">
				<Option working_dir="/home/oipo-unencrypted/Programming/IdleBossHunter/server"/>
				<Option type="4"/>
				<MakeCommands>
					<Build command="/usr/bin/make -f &quot;/home/oipo-unencrypted/Programming/IdleBossHunter/server/Makefile&quot;  VERBOSE=1 all"/>
					<CompileFile command="/usr/bin/make -f &quot;/home/oipo-unencrypted/Programming/IdleBossHunter/server/Makefile&quot;  VERBOSE=1 &quot;$file&quot;"/>
					<Clean command="/usr/bin/make -f &quot;/home/oipo-unencrypted/Programming/IdleBossHunter/server/Makefile&quot;  VERBOSE=1 clean"/>
					<DistClean command="/usr/bin/make -f &quot;/home/oipo-unencrypted/Programming/IdleBossHunter/server/Makefile&quot;  VERBOSE=1 clean"/>
				</MakeCommands>
			</Target>
			<Target title="ibh_backend">
				<Option output="/home/oipo-unencrypted/Programming/IdleBossHunter/server/bin/ibh_backend" prefix_auto="0" extension_auto="0"/>
				<Option working_dir="/home/oipo-unencrypted/Programming/IdleBossHunter/server/bin"/>
				<Option object_output="./"/>
				<Option type="1"/>
				<Option compiler="gcc"/>
				<Compiler>
					<Add directory="/home/oipo-unencrypted/Programming/IdleBossHunter/common/src"/>
					<Add directory="/home/oipo-unencrypted/Programming/IdleBossHunter/server/src"/>
					<Add directory="/home/oipo-unencrypted/Programming/IdleBossHunter/external/spdlog/include"/>
					<Add directory="/home/oipo-unencrypted/Programming/IdleBossHunter/external/rapidjson/include"/>
					<Add directory="/home/oipo-unencrypted/Programming/IdleBossHunter/external/websocketpp"/>
					<Add directory="/home/oipo-unencrypted/Programming/IdleBossHunter/external/asio/asio/include"/>
					<Add directory="/home/oipo-unencrypted/Programming/IdleBossHunter/external/libpqxx/include"/>
					<Add directory="/home/oipo-unencrypted/Programming/IdleBossHunter/external/range-v3/include"/>
					<Add directory="/home/oipo-unencrypted/Programming/IdleBossHunter/external/Catch2/single_include"/>
					<Add directory="/home/oipo-unencrypted/Programming/IdleBossHunter/external/libsodium/src/libsodium/include"/>
					<Add directory="/home/oipo-unencrypted/Programming/IdleBossHunter/external/xxHash"/>
					<Add directory="/home/oipo-unencrypted/Programming/IdleBossHunter/external/wyhash"/>
					<Add directory="/home/oipo-unencrypted/Programming/IdleBossHunter/external/robin-hood-hashing/src/include"/>
					<Add directory="/home/oipo-unencrypted/Programming/IdleBossHunter/external/entt/src"/>
					<Add directory="/home/oipo-unencrypted/Programming/IdleBossHunter/external/pcg-cpp/include"/>
					<Add directory="/home/oipo-unencrypted/Programming/IdleBossHunter/external/concurrentqueue"/>
					<Add directory="/home/oipo-unencrypted/Programming/IdleBossHunter/external/cereal/include"/>
				</Compiler>
				<MakeCommands>
					<Build command="/usr/bin/make -f &quot;/home/oipo-unencrypted/Programming/IdleBossHunter/server/Makefile&quot;  VERBOSE=1 ibh_backend"/>
					<CompileFile command="/usr/bin/make -f &quot;/home/oipo-unencrypted/Programming/IdleBossHunter/server/Makefile&quot;  VERBOSE=1 &quot;$file&quot;"/>
					<Clean command="/usr/bin/make -f &quot;/home/oipo-unencrypted/Programming/IdleBossHunter/server/Makefile&quot;  VERBOSE=1 clean"/>
					<DistClean command="/usr/bin/make -f &quot;/home/oipo-unencrypted/Programming/IdleBossHunter/server/Makefile&quot;  VERBOSE=1 clean"/>
				</MakeCommands>
			</Target>
			<Target title="ibh_backend/fast">
				<Option output="/home/oipo-unencrypted/Programming/IdleBossHunter/server/bin/ibh_backend" prefix_auto="0" extension_auto="0"/>
				<Option working_dir="/home/oipo-unencrypted/Programming/IdleBossHunter/server/bin"/>
				<Option object_output="./"/>
				<Option type="1"/>
				<Option compiler="gcc"/>
				<Compiler>
					<Add directory="/home/oipo-unencrypted/Programming/IdleBossHunter/common/src"/>
					<Add directory="/home/oipo-unencrypted/Programming/IdleBossHunter/server/src"/>
					<Add directory="/home/oipo-unencrypted/Programming/IdleBossHunter/external/spdlog/include"/>
					<Add directory="/home/oipo-unencrypted/Programming/IdleBossHunter/external/rapidjson/include"/>
					<Add directory="/home/oipo-unencrypted/Programming/IdleBossHunter/external/websocketpp"/>
					<Add directory="/home/oipo-unencrypted/Programming/IdleBossHunter/external/asio/asio/include"/>
					<Add directory="/home/oipo-unencrypted/Programming/IdleBossHunter/external/libpqxx/include"/>
					<Add directory="/home/oipo-unencrypted/Programming/IdleBossHunter/external/range-v3/include"/>
					<Add directory="/home/oipo-unencrypted/Programming/IdleBossHunter/external/Catch2/single_include"/>
					<Add directory="/home/oipo-unencrypted/Programming/IdleBossHunter/external/libsodium/src/libsodium/include"/>
					<Add directory="/home/oipo-unencrypted/Programming/IdleBossHunter/external/xxHash"/>
					<Add directory="/home/oipo-unencrypted/Programming/IdleBossHunter/external/wyhash"/>
					<Add directory="/home/oipo-unencrypted/Programming/IdleBossHunter/external/robin-hood-hashing/src/include"/>
					<Add directory="/home/oipo-unencrypted/Programming/IdleBossHunter/external/entt/src"/>
					<Add directory="/home/oipo-unencrypted/Programming/IdleBossHunter/external/pcg-cpp/include"/>
					<Add directory="/home/oipo-unencrypted/Programming/IdleBossHunter/external/concurrentqueue"/>
					<Add directory="/home/oipo-unencrypted/Programming/IdleBossHunter/external/cereal/include"/>
				</Compiler>
				<MakeCommands>
					<Build command="/usr/bin/make -f &quot;/home/oipo-unencrypted/Programming/IdleBossHunter/server/Makefile&quot;  VERBOSE=1 ibh_backend/fast"/>
					<CompileFile command="/usr/bin/make -f &quot;/home/oipo-unencrypted/Programming/IdleBossHunter/server/Makefile&quot;  VERBOSE=1 &quot;$file&quot;"/>
					<Clean command="/usr/bin/make -f &quot;/home/oipo-unencrypted/Programming/IdleBossHunter/server/Makefile&quot;  VERBOSE=1 clean"/>
					<DistClean command="/usr/bin/make -f &quot;/home/oipo-unencrypted/Programming/IdleBossHunter/server/Makefile&quot;  VERBOSE=1 clean"/>
				</MakeCommands>
			</Target>
			<Target title="ibh_benchmark">
				<Option output="/home/oipo-unencrypted/Programming/IdleBossHunter/server/bin/ibh_benchmark" prefix_auto="0" extension_auto="0"/>
				<Option working_dir="/home/oipo-unencrypted/Programming/IdleBossHunter/server/bin"/>
				<Option object_output="./"/>
				<Option type="1"/>
				<Option compiler="gcc"/>
				<Compiler>
					<Add directory="/home/oipo-unencrypted/Programming/IdleBossHunter/common/src"/>
					<Add directory="/home/oipo-unencrypted/Programming/IdleBossHunter/server/src"/>
					<Add directory="/home/oipo-unencrypted/Programming/IdleBossHunter/external/spdlog/include"/>
					<Add directory="/home/oipo-unencrypted/Programming/IdleBossHunter/external/rapidjson/include"/>
					<Add directory="/home/oipo-unencrypted/Programming/IdleBossHunter/external/websocketpp"/>
					<Add directory="/home/oipo-unencrypted/Programming/IdleBossHunter/external/asio/asio/include"/>
					<Add directory="/home/oipo-unencrypted/Programming/IdleBossHunter/external/libpqxx/include"/>
					<Add directory="/home/oipo-unencrypted/Programming/IdleBossHunter/external/range-v3/include"/>
					<Add directory="/home/oipo-unencrypted/Programming/IdleBossHunter/external/Catch2/single_include"/>
					<Add directory="/home/oipo-unencrypted/Programming/IdleBossHunter/external/libsodium/src/libsodium/include"/>
					<Add directory="/home/oipo-unencrypted/Programming/IdleBossHunter/external/xxHash"/>
					<Add directory="/home/oipo-unencrypted/Programming/IdleBossHunter/external/wyhash"/>
					<Add directory="/home/oipo-unencrypted/Programming/IdleBossHunter/external/robin-hood-hashing/src/include"/>
					<Add directory="/home/oipo-unencrypted/Programming/IdleBossHunter/external/entt/src"/>
					<Add directory="/home/oipo-unencrypted/Programming/IdleBossHunter/external/pcg-cpp/include"/>
					<Add directory="/home/oipo-unencrypted/Programming/IdleBossHunter/external/concurrentqueue"/>
					<Add directory="/home/oipo-unencrypted/Programming/IdleBossHunter/external/cereal/include"/>
				</Compiler>
				<MakeCommands>
					<Build command="/usr/bin/make -f &quot;/home/oipo-unencrypted/Programming/IdleBossHunter/server/Makefile&quot;  VERBOSE=1 ibh_benchmark"/>
					<CompileFile command="/usr/bin/make -f &quot;/home/oipo-unencrypted/Programming/IdleBossHunter/server/Makefile&quot;  VERBOSE=1 &quot;$file&quot;"/>
					<Clean command="/usr/bin/make -f &quot;/home/oipo-unencrypted/Programming/IdleBossHunter/server/Makefile&quot;  VERBOSE=1 clean"/>
					<DistClean command="/usr/bin/make -f &quot;/home/oipo-unencrypted/Programming/IdleBossHunter/server/Makefile&quot;  VERBOSE=1 clean"/>
				</MakeCommands>
			</Target>
			<Target title="ibh_benchmark/fast">
				<Option output="/home/oipo-unencrypted/Programming/IdleBossHunter/server/bin/ibh_benchmark" prefix_auto="0" extension_auto="0"/>
				<Option working_dir="/home/oipo-unencrypted/Programming/IdleBossHunter/server/bin"/>
				<Option object_output="./"/>
				<Option type="1"/>
				<Option compiler="gcc"/>
				<Compiler>
					<Add directory="/home/oipo-unencrypted/Programming/IdleBossHunter/common/src"/>
					<Add directory="/home/oipo-unencrypted/Programming/IdleBossHunter/server/src"/>
					<Add directory="/home/oipo-unencrypted/Programming/IdleBossHunter/external/spdlog/include"/>
					<Add directory="/home/oipo-unencrypted/Programming/IdleBossHunter/external/rapidjson/include"/>
					<Add directory="/home/oipo-unencrypted/Programming/IdleBossHunter/external/websocketpp"/>
					<Add directory="/home/oipo-unencrypted/Programming/IdleBossHunter/external/asio/asio/include"/>
					<Add directory="/home/oipo-unencrypted/Programming/IdleBossHunter/external/libpqxx/include"/>
					<Add directory="/home/oipo-unencrypted/Programming/IdleBossHunter/external/range-v3/include"/>
					<Add directory="/home/oipo-unencrypted/Programming/IdleBossHunter/external/Catch2/single_include"/>
					<Add directory="/home/oipo-unencrypted/Programming/IdleBossHunter/external/libsodium/src/libsodium/include"/>
					<Add directory="/home/oipo-unencrypted/Programming/IdleBossHunter/external/xxHash"/>
					<Add directory="/home/oipo-unencrypted/Programming/IdleBossHunter/external/wyhash"/>
					<Add directory="/home/oipo-unencrypted/Programming/IdleBossHunter/external/robin-hood-hashing/src/include"/>
					<Add directory="/home/oipo-unencrypted/Programming/IdleBossHunter/external/entt/src"/>
					<Add directory="/home/oipo-unencrypted/Programming/IdleBossHunter/external/pcg-cpp/include"/>
					<Add directory="/home/oipo-unencrypted/Programming/IdleBossHunter/external/concurrentqueue"/>
					<Add directory="/home/oipo-unencrypted/Programming/IdleBossHunter/external/cereal/include"/>
				</Compiler>
				<MakeCommands>
					<Build command="/usr/bin/make -f &quot;/home/oipo-unencrypted/Programming/IdleBossHunter/server/Makefile&quot;  VERBOSE=1 ibh_benchmark/fast"/>
					<CompileFile command="/usr/bin/make -f &quot;/home/oipo-unencrypted/Programming/IdleBossHunter/server/Makefile&quot;  VERBOSE=1 &quot;$file&quot;"/>
					<Clean command="/usr/bin/make -f &quot;/home/oipo-unencrypted/Programming/IdleBossHunter/server/Makefile&quot;  VERBOSE=1 clean"/>
					<DistClean command="/usr/bin/make -f &quot;/home/oipo-unencrypted/Programming/IdleBossHunter/server/Makefile&quot;  VERBOSE=1 clean"/>
				</MakeCommands>
			</Target>
			<Target title="ibh_server_test">
				<Option output="/home/oipo-unencrypted/Programming/IdleBossHunter/server/bin/ibh_server_test" prefix_auto="0" extension_auto="0"/>
				<Option working_dir="/home/oipo-unencrypted/Programming/IdleBossHunter/server/bin"/>
				<Option object_output="./"/>
				<Option type="1"/>
				<Option compiler="gcc"/>
				<Compiler>
					<Add option="-DTEST_CODE=1"/>
					<Add directory="/home/oipo-unencrypted/Programming/IdleBossHunter/common/src"/>
					<Add directory="/home/oipo-unencrypted/Programming/IdleBossHunter/server/src"/>
					<Add directory="/home/oipo-unencrypted/Programming/IdleBossHunter/external/spdlog/include"/>
					<Add directory="/home/oipo-unencrypted/Programming/IdleBossHunter/external/rapidjson/include"/>
					<Add directory="/home/oipo-unencrypted/Programming/IdleBossHunter/external/websocketpp"/>
					<Add directory="/home/oipo-unencrypted/Programming/IdleBossHunter/external/asio/asio/include"/>
					<Add directory="/home/oipo-unencrypted/Programming/IdleBossHunter/external/libpqxx/include"/>
					<Add directory="/home/oipo-unencrypted/Programming/IdleBossHunter/external/range-v3/include"/>
					<Add directory="/home/oipo-unencrypted/Programming/IdleBossHunter/external/Catch2/single_include"/>
					<Add directory="/home/oipo-unencrypted/Programming/IdleBossHunter/external/libsodium/src/libsodium/include"/>
					<Add directory="/home/oipo-unencrypted/Programming/IdleBossHunter/external/xxHash"/>
					<Add directory="/home/oipo-unencrypted/Programming/IdleBossHunter/external/wyhash"/>
					<Add directory="/home/oipo-unencrypted/Programming/IdleBossHunter/external/robin-hood-hashing/src/include"/>
					<Add directory="/home/oipo-unencrypted/Programming/IdleBossHunter/external/entt/src"/>
					<Add directory="/home/oipo-unencrypted/Programming/IdleBossHunter/external/pcg-cpp/include"/>
					<Add directory="/home/oipo-unencrypted/Programming/IdleBossHunter/external/concurrentqueue"/>
					<Add directory="/home/oipo-unencrypted/Programming/IdleBossHunter/external/cereal/include"/>
				</Compiler>
				<MakeCommands>
					<Build command="/usr/bin/make -f &quot;/home/oipo-unencrypted/Programming/IdleBossHunter/server/Makefile&quot;  VERBOSE=1 ibh_server_test"/>
					<CompileFile command="/usr/bin/make -f &quot;/home/oipo-unencrypted/Programming/IdleBossHunter/server/Makefile&quot;  VERBOSE=1 &quot;$file&quot;"/>
					<Clean command="/usr/bin/make -f &quot;/home/oipo-unencrypted/Programming/IdleBossHunter/server/Makefile&quot;  VERBOSE=1 clean"/>
					<DistClean command="/usr/bin/make -f &quot;/home/oipo-unencrypted/Programming/IdleBossHunter/server/Makefile&quot;  VERBOSE=1 clean"/>
				</MakeCommands>
			</Target>
			<Target title="ibh_server_test/fast">
				<Option output="/home/oipo-unencrypted/Programming/IdleBossHunter/server/bin/ibh_server_test" prefix_auto="0" extension_auto="0"/>
				<Option working_dir="/home/oipo-unencrypted/Programming/IdleBossHunter/server/bin"/>
				<Option object_output="./"/>
				<Option type="1"/>
				<Option compiler="gcc"/>
				<Compiler>
					<Add option="-DTEST_CODE=1"/>
					<Add directory="/home/oipo-unencrypted/Programming/IdleBossHunter/common/src"/>
					<Add directory="/home/oipo-unencrypted/Programming/IdleBossHunter/server/src"/>
					<Add directory="/home/oipo-unencrypted/Programming/IdleBossHunter/external/spdlog/include"/>
					<Add directory="/home/oipo-unencrypted/Programming/IdleBossHunter/external/rapidjson/include"/>
					<Add directory="/home/oipo-unencrypted/Programming/IdleBossHunter/external/websocketpp"/>
					<Add directory="/home/oipo-unencrypted/Programming/IdleBossHunter/external/asio/asio/include"/>
					<Add directory="/home/oipo-unencrypted/Programming/IdleBossHunter/external/libpqxx/include"/>
					<Add directory="/home/oipo-unencrypted/Programming/IdleBossHunter/external/range-v3/include"/>
					<Add directory="/home/oipo-unencrypted/Programming/IdleBossHunter/external/Catch2/single_include"/>
					<Add directory="/home/oipo-unencrypted/Programming/IdleBossHunter/external/libsodium/src/libsodium/include"/>
					<Add directory="/home/oipo-unencrypted/Programming/IdleBossHunter/external/xxHash"/>
					<Add directory="/home/oipo-unencrypted/Programming/IdleBossHunter/external/wyhash"/>
					<Add directory="/home/oipo-unencrypted/Programming/IdleBossHunter/external/robin-hood-hashing/src/include"/>
					<Add directory="/home/oipo-unencrypted/Programming/IdleBossHunter/external/entt/src"/>
					<Add directory="/home/oipo-unencrypted/Programming/IdleBossHunter/external/pcg-cpp/include"/>
					<Add directory="/home/oipo-unencrypted/Programming/IdleBossHunter/external/concurrentqueue"/>
					<Add directory="/home/oipo-unencrypted/Programming/IdleBossHunter/external/cereal/include"/>
				</Compiler>
				<MakeCommands>
					<Build command="/usr/bin/make -f &quot;/home/oipo-unencrypted/Programming/IdleBossHunter/server/Makefile&quot;  VERBOSE=1 ibh_server_test/fast"/>
					<CompileFile command="/usr/bin/make -f &quot;/home/oipo-unencrypted/Programming/IdleBossHunter/server/Makefile&quot;  VERBOSE=1 &quot;$file&quot;"/>
					<Clean command="/usr/bin/make -f &quot;/home/oipo-unencrypted/Programming/IdleBossHunter/server/Makefile&quot;  VERBOSE=1 clean"/>
					<DistClean command="/usr/bin/make -f &quot;/home/oipo-unencrypted/Programming/IdleBossHunter/server/Makefile&quot;  VERBOSE=1 clean"/>
				</MakeCommands>
			</Target>
		</Build>
		<Unit filename="/home/oipo-unencrypted/Programming/IdleBossHunter/common/src/base64.cpp">
			<Option target="ibh_backend"/>
			<Option target="ibh_benchmark"/>
			<Option target="ibh_server_test"/>
		</Unit>
		<Unit filename="/home/oipo-unencrypted/Programming/IdleBossHunter/common/src/base64.h">
			<Option target="ibh_backend"/>
			<Option target="ibh_benchmark"/>
			<Option target="ibh_server_test"/>
		</Unit>
		<Unit filename="/home/oipo-unencrypted/Programming/IdleBossHunter/common/src/common_components.cpp">
			<Option target="ibh_backend"/>
			<Option target="ibh_benchmark"/>
			<Option target="ibh_server_test"/>
		</Unit>
		<Unit filename="/home/oipo-unencrypted/Programming/IdleBossHunter/common/src/common_components.h">
			<Option target="ibh_backend"/>
			<Option target="ibh_benchmark"/>
			<Option target="ibh_server_test"/>
		</Unit>
		<Unit filename="/home/oipo-unencrypted/Programming/IdleBossHunter/common/src/messages/chat/message_request.cpp">
			<Option target="ibh_backend"/>
			<Option target="ibh_benchmark"/>
			<Option target="ibh_server_test"/>
		</Unit>
		<Unit filename="/home/oipo-unencrypted/Programming/IdleBossHunter/common/src/messages/chat/message_request.h">
			<Option target="ibh_backend"/>
			<Option target="ibh_benchmark"/>
			<Option target="ibh_server_test"/>
		</Unit>
		<Unit filename="/home/oipo-unencrypted/Programming/IdleBossHunter/common/src/messages/chat/message_response.cpp">
			<Option target="ibh_backend"/>
			<Option target="ibh_benchmark"/>
			<Option target="ibh_server_test"/>
		</Unit>
		<Unit filename="/home/oipo-unencrypted/Programming/IdleBossHunter/common/src/messages/chat/message_response.h">
			<Option target="ibh_backend"/>
			<Option target="ibh_benchmark"/>
			<Option target="ibh_server_test"/>
		</Unit>
		<Unit filename="/home/oipo-unencrypted/Programming/IdleBossHunter/common/src/messages/generic_error_response.cpp">
			<Option target="ibh_backend"/>
			<Option target="ibh_benchmark"/>
			<Option target="ibh_server_test"/>
		</Unit>
		<Unit filename="/home/oipo-unencrypted/Programming/IdleBossHunter/common/src/messages/generic_error_response.h">
			<Option target="ibh_backend"/>
			<Option target="ibh_benchmark"/>
			<Option target="ibh_server_test"/>
		</Unit>
		<Unit filename="/home/oipo-unencrypted/Programming/IdleBossHunter/common/src/messages/generic_ok_response.cpp">
			<Option target="ibh_backend"/>
			<Option target="ibh_benchmark"/>
			<Option target="ibh_server_test"/>
		</Unit>
		<Unit filename="/home/oipo-unencrypted/Programming/IdleBossHunter/common/src/messages/generic_ok_response.h">
			<Option target="ibh_backend"/>
			<Option target="ibh_benchmark"/>
			<Option target="ibh_server_test"/>
		</Unit>
		<Unit filename="/home/oipo-unencrypted/Programming/IdleBossHunter/common/src/messages/moderator/set_motd_request.cpp">
			<Option target="ibh_backend"/>
			<Option target="ibh_benchmark"/>
			<Option target="ibh_server_test"/>
		</Unit>
		<Unit filename="/home/oipo-unencrypted/Programming/IdleBossHunter/common/src/messages/moderator/set_motd_request.h">
			<Option target="ibh_backend"/>
			<Option target="ibh_benchmark"/>
			<Option target="ibh_server_test"/>
		</Unit>
		<Unit filename="/home/oipo-unencrypted/Programming/IdleBossHunter/common/src/messages/moderator/update_motd_response.cpp">
			<Option target="ibh_backend"/>
			<Option target="ibh_benchmark"/>
			<Option target="ibh_server_test"/>
		</Unit>
		<Unit filename="/home/oipo-unencrypted/Programming/IdleBossHunter/common/src/messages/moderator/update_motd_response.h">
			<Option target="ibh_backend"/>
			<Option target="ibh_benchmark"/>
			<Option target="ibh_server_test"/>
		</Unit>
		<Unit filename="/home/oipo-unencrypted/Programming/IdleBossHunter/common/src/messages/objects/account_object.cpp">
			<Option target="ibh_backend"/>
			<Option target="ibh_benchmark"/>
			<Option target="ibh_server_test"/>
		</Unit>
		<Unit filename="/home/oipo-unencrypted/Programming/IdleBossHunter/common/src/messages/objects/account_object.h">
			<Option target="ibh_backend"/>
			<Option target="ibh_benchmark"/>
			<Option target="ibh_server_test"/>
		</Unit>
		<Unit filename="/home/oipo-unencrypted/Programming/IdleBossHunter/common/src/messages/objects/character_object.cpp">
			<Option target="ibh_backend"/>
			<Option target="ibh_benchmark"/>
			<Option target="ibh_server_test"/>
		</Unit>
		<Unit filename="/home/oipo-unencrypted/Programming/IdleBossHunter/common/src/messages/objects/character_object.h">
			<Option target="ibh_backend"/>
			<Option target="ibh_benchmark"/>
			<Option target="ibh_server_test"/>
		</Unit>
		<Unit filename="/home/oipo-unencrypted/Programming/IdleBossHunter/common/src/messages/objects/item_object.cpp">
			<Option target="ibh_backend"/>
			<Option target="ibh_benchmark"/>
			<Option target="ibh_server_test"/>
		</Unit>
		<Unit filename="/home/oipo-unencrypted/Programming/IdleBossHunter/common/src/messages/objects/item_object.h">
			<Option target="ibh_backend"/>
			<Option target="ibh_benchmark"/>
			<Option target="ibh_server_test"/>
		</Unit>
		<Unit filename="/home/oipo-unencrypted/Programming/IdleBossHunter/common/src/messages/objects/skill_object.cpp">
			<Option target="ibh_backend"/>
			<Option target="ibh_benchmark"/>
			<Option target="ibh_server_test"/>
		</Unit>
		<Unit filename="/home/oipo-unencrypted/Programming/IdleBossHunter/common/src/messages/objects/skill_object.h">
			<Option target="ibh_backend"/>
			<Option target="ibh_benchmark"/>
			<Option target="ibh_server_test"/>
		</Unit>
		<Unit filename="/home/oipo-unencrypted/Programming/IdleBossHunter/common/src/messages/update_response.cpp">
			<Option target="ibh_backend"/>
			<Option target="ibh_benchmark"/>
			<Option target="ibh_server_test"/>
		</Unit>
		<Unit filename="/home/oipo-unencrypted/Programming/IdleBossHunter/common/src/messages/update_response.h">
			<Option target="ibh_backend"/>
			<Option target="ibh_benchmark"/>
			<Option target="ibh_server_test"/>
		</Unit>
		<Unit filename="/home/oipo-unencrypted/Programming/IdleBossHunter/common/src/messages/user_access/character_select_request.cpp">
			<Option target="ibh_backend"/>
			<Option target="ibh_benchmark"/>
			<Option target="ibh_server_test"/>
		</Unit>
		<Unit filename="/home/oipo-unencrypted/Programming/IdleBossHunter/common/src/messages/user_access/character_select_request.h">
			<Option target="ibh_backend"/>
			<Option target="ibh_benchmark"/>
			<Option target="ibh_server_test"/>
		</Unit>
		<Unit filename="/home/oipo-unencrypted/Programming/IdleBossHunter/common/src/messages/user_access/character_select_response.cpp">
			<Option target="ibh_backend"/>
			<Option target="ibh_benchmark"/>
			<Option target="ibh_server_test"/>
		</Unit>
		<Unit filename="/home/oipo-unencrypted/Programming/IdleBossHunter/common/src/messages/user_access/character_select_response.h">
			<Option target="ibh_backend"/>
			<Option target="ibh_benchmark"/>
			<Option target="ibh_server_test"/>
		</Unit>
		<Unit filename="/home/oipo-unencrypted/Programming/IdleBossHunter/common/src/messages/user_access/create_character_request.cpp">
			<Option target="ibh_backend"/>
			<Option target="ibh_benchmark"/>
			<Option target="ibh_server_test"/>
		</Unit>
		<Unit filename="/home/oipo-unencrypted/Programming/IdleBossHunter/common/src/messages/user_access/create_character_request.h">
			<Option target="ibh_backend"/>
			<Option target="ibh_benchmark"/>
			<Option target="ibh_server_test"/>
		</Unit>
		<Unit filename="/home/oipo-unencrypted/Programming/IdleBossHunter/common/src/messages/user_access/create_character_response.cpp">
			<Option target="ibh_backend"/>
			<Option target="ibh_benchmark"/>
			<Option target="ibh_server_test"/>
		</Unit>
		<Unit filename="/home/oipo-unencrypted/Programming/IdleBossHunter/common/src/messages/user_access/create_character_response.h">
			<Option target="ibh_backend"/>
			<Option target="ibh_benchmark"/>
			<Option target="ibh_server_test"/>
		</Unit>
		<Unit filename="/home/oipo-unencrypted/Programming/IdleBossHunter/common/src/messages/user_access/delete_character_request.cpp">
			<Option target="ibh_backend"/>
			<Option target="ibh_benchmark"/>
			<Option target="ibh_server_test"/>
		</Unit>
		<Unit filename="/home/oipo-unencrypted/Programming/IdleBossHunter/common/src/messages/user_access/delete_character_request.h">
			<Option target="ibh_backend"/>
			<Option target="ibh_benchmark"/>
			<Option target="ibh_server_test"/>
		</Unit>
		<Unit filename="/home/oipo-unencrypted/Programming/IdleBossHunter/common/src/messages/user_access/login_request.cpp">
			<Option target="ibh_backend"/>
			<Option target="ibh_benchmark"/>
			<Option target="ibh_server_test"/>
		</Unit>
		<Unit filename="/home/oipo-unencrypted/Programming/IdleBossHunter/common/src/messages/user_access/login_request.h">
			<Option target="ibh_backend"/>
			<Option target="ibh_benchmark"/>
			<Option target="ibh_server_test"/>
		</Unit>
		<Unit filename="/home/oipo-unencrypted/Programming/IdleBossHunter/common/src/messages/user_access/login_response.cpp">
			<Option target="ibh_backend"/>
			<Option target="ibh_benchmark"/>
			<Option target="ibh_server_test"/>
		</Unit>
		<Unit filename="/home/oipo-unencrypted/Programming/IdleBossHunter/common/src/messages/user_access/login_response.h">
			<Option target="ibh_backend"/>
			<Option target="ibh_benchmark"/>
			<Option target="ibh_server_test"/>
		</Unit>
		<Unit filename="/home/oipo-unencrypted/Programming/IdleBossHunter/common/src/messages/user_access/play_character_request.cpp">
			<Option target="ibh_backend"/>
			<Option target="ibh_benchmark"/>
			<Option target="ibh_server_test"/>
		</Unit>
		<Unit filename="/home/oipo-unencrypted/Programming/IdleBossHunter/common/src/messages/user_access/play_character_request.h">
			<Option target="ibh_backend"/>
			<Option target="ibh_benchmark"/>
			<Option target="ibh_server_test"/>
		</Unit>
		<Unit filename="/home/oipo-unencrypted/Programming/IdleBossHunter/common/src/messages/user_access/play_character_response.cpp">
			<Option target="ibh_backend"/>
			<Option target="ibh_benchmark"/>
			<Option target="ibh_server_test"/>
		</Unit>
		<Unit filename="/home/oipo-unencrypted/Programming/IdleBossHunter/common/src/messages/user_access/play_character_response.h">
			<Option target="ibh_backend"/>
			<Option target="ibh_benchmark"/>
			<Option target="ibh_server_test"/>
		</Unit>
		<Unit filename="/home/oipo-unencrypted/Programming/IdleBossHunter/common/src/messages/user_access/register_request.cpp">
			<Option target="ibh_backend"/>
			<Option target="ibh_benchmark"/>
			<Option target="ibh_server_test"/>
		</Unit>
		<Unit filename="/home/oipo-unencrypted/Programming/IdleBossHunter/common/src/messages/user_access/register_request.h">
			<Option target="ibh_backend"/>
			<Option target="ibh_benchmark"/>
			<Option target="ibh_server_test"/>
		</Unit>
		<Unit filename="/home/oipo-unencrypted/Programming/IdleBossHunter/common/src/messages/user_access/user_entered_game_response.cpp">
			<Option target="ibh_backend"/>
			<Option target="ibh_benchmark"/>
			<Option target="ibh_server_test"/>
		</Unit>
		<Unit filename="/home/oipo-unencrypted/Programming/IdleBossHunter/common/src/messages/user_access/user_entered_game_response.h">
			<Option target="ibh_backend"/>
			<Option target="ibh_benchmark"/>
			<Option target="ibh_server_test"/>
		</Unit>
		<Unit filename="/home/oipo-unencrypted/Programming/IdleBossHunter/common/src/messages/user_access/user_left_game_response.cpp">
			<Option target="ibh_backend"/>
			<Option target="ibh_benchmark"/>
			<Option target="ibh_server_test"/>
		</Unit>
		<Unit filename="/home/oipo-unencrypted/Programming/IdleBossHunter/common/src/messages/user_access/user_left_game_response.h">
			<Option target="ibh_backend"/>
			<Option target="ibh_benchmark"/>
			<Option target="ibh_server_test"/>
		</Unit>
		<Unit filename="/home/oipo-unencrypted/Programming/IdleBossHunter/common/src/random_helper.cpp">
			<Option target="ibh_backend"/>
			<Option target="ibh_benchmark"/>
			<Option target="ibh_server_test"/>
		</Unit>
		<Unit filename="/home/oipo-unencrypted/Programming/IdleBossHunter/common/src/random_helper.h">
			<Option target="ibh_backend"/>
			<Option target="ibh_benchmark"/>
			<Option target="ibh_server_test"/>
		</Unit>
		<Unit filename="/home/oipo-unencrypted/Programming/IdleBossHunter/common/src/utf.cpp">
			<Option target="ibh_backend"/>
			<Option target="ibh_benchmark"/>
			<Option target="ibh_server_test"/>
		</Unit>
		<Unit filename="/home/oipo-unencrypted/Programming/IdleBossHunter/common/src/utf.h">
			<Option target="ibh_backend"/>
			<Option target="ibh_benchmark"/>
			<Option target="ibh_server_test"/>
		</Unit>
		<Unit filename="/home/oipo-unencrypted/Programming/IdleBossHunter/common/src/working_directory_manipulation.cpp">
			<Option target="ibh_backend"/>
			<Option target="ibh_benchmark"/>
			<Option target="ibh_server_test"/>
		</Unit>
		<Unit filename="/home/oipo-unencrypted/Programming/IdleBossHunter/common/src/working_directory_manipulation.h">
			<Option target="ibh_backend"/>
			<Option target="ibh_benchmark"/>
			<Option target="ibh_server_test"/>
		</Unit>
		<Unit filename="/home/oipo-unencrypted/Programming/IdleBossHunter/external/spdlog/src/async.cpp">
			<Option target="ibh_backend"/>
			<Option target="ibh_benchmark"/>
			<Option target="ibh_server_test"/>
		</Unit>
		<Unit filename="/home/oipo-unencrypted/Programming/IdleBossHunter/external/spdlog/src/color_sinks.cpp">
			<Option target="ibh_backend"/>
			<Option target="ibh_benchmark"/>
			<Option target="ibh_server_test"/>
		</Unit>
		<Unit filename="/home/oipo-unencrypted/Programming/IdleBossHunter/external/spdlog/src/file_sinks.cpp">
			<Option target="ibh_backend"/>
			<Option target="ibh_benchmark"/>
			<Option target="ibh_server_test"/>
		</Unit>
		<Unit filename="/home/oipo-unencrypted/Programming/IdleBossHunter/external/spdlog/src/fmt.cpp">
			<Option target="ibh_backend"/>
			<Option target="ibh_benchmark"/>
			<Option target="ibh_server_test"/>
		</Unit>
		<Unit filename="/home/oipo-unencrypted/Programming/IdleBossHunter/external/spdlog/src/spdlog.cpp">
			<Option target="ibh_backend"/>
			<Option target="ibh_benchmark"/>
			<Option target="ibh_server_test"/>
		</Unit>
		<Unit filename="/home/oipo-unencrypted/Programming/IdleBossHunter/external/spdlog/src/stdout_sinks.cpp">
			<Option target="ibh_backend"/>
			<Option target="ibh_benchmark"/>
			<Option target="ibh_server_test"/>
		</Unit>
		<Unit filename="/home/oipo-unencrypted/Programming/IdleBossHunter/server/benchmark/benchmark_helpers/startup_helper.cpp">
			<Option target="ibh_benchmark"/>
		</Unit>
		<Unit filename="/home/oipo-unencrypted/Programming/IdleBossHunter/server/benchmark/benchmark_helpers/startup_helper.h">
			<Option target="ibh_benchmark"/>
		</Unit>
		<Unit filename="/home/oipo-unencrypted/Programming/IdleBossHunter/server/benchmark/main.cpp">
			<Option target="ibh_benchmark"/>
		</Unit>
		<Unit filename="/home/oipo-unencrypted/Programming/IdleBossHunter/server/src/asset_loading/load_assets.cpp">
			<Option target="ibh_backend"/>
			<Option target="ibh_benchmark"/>
			<Option target="ibh_server_test"/>
		</Unit>
		<Unit filename="/home/oipo-unencrypted/Programming/IdleBossHunter/server/src/asset_loading/load_assets.h">
			<Option target="ibh_backend"/>
			<Option target="ibh_benchmark"/>
			<Option target="ibh_server_test"/>
		</Unit>
		<Unit filename="/home/oipo-unencrypted/Programming/IdleBossHunter/server/src/asset_loading/load_character_select.cpp">
			<Option target="ibh_backend"/>
			<Option target="ibh_benchmark"/>
			<Option target="ibh_server_test"/>
		</Unit>
		<Unit filename="/home/oipo-unencrypted/Programming/IdleBossHunter/server/src/asset_loading/load_character_select.h">
			<Option target="ibh_backend"/>
			<Option target="ibh_benchmark"/>
			<Option target="ibh_server_test"/>
		</Unit>
		<Unit filename="/home/oipo-unencrypted/Programming/IdleBossHunter/server/src/asset_loading/load_from_database.cpp">
			<Option target="ibh_backend"/>
			<Option target="ibh_benchmark"/>
			<Option target="ibh_server_test"/>
		</Unit>
		<Unit filename="/home/oipo-unencrypted/Programming/IdleBossHunter/server/src/asset_loading/load_from_database.h">
			<Option target="ibh_backend"/>
			<Option target="ibh_benchmark"/>
			<Option target="ibh_server_test"/>
		</Unit>
		<Unit filename="/home/oipo-unencrypted/Programming/IdleBossHunter/server/src/asset_loading/load_monster_specials.cpp">
			<Option target="ibh_backend"/>
			<Option target="ibh_benchmark"/>
			<Option target="ibh_server_test"/>
		</Unit>
		<Unit filename="/home/oipo-unencrypted/Programming/IdleBossHunter/server/src/asset_loading/load_monster_specials.h">
			<Option target="ibh_backend"/>
			<Option target="ibh_benchmark"/>
			<Option target="ibh_server_test"/>
		</Unit>
		<Unit filename="/home/oipo-unencrypted/Programming/IdleBossHunter/server/src/asset_loading/load_monsters.cpp">
			<Option target="ibh_backend"/>
			<Option target="ibh_benchmark"/>
			<Option target="ibh_server_test"/>
		</Unit>
		<Unit filename="/home/oipo-unencrypted/Programming/IdleBossHunter/server/src/asset_loading/load_monsters.h">
			<Option target="ibh_backend"/>
			<Option target="ibh_benchmark"/>
			<Option target="ibh_server_test"/>
		</Unit>
		<Unit filename="/home/oipo-unencrypted/Programming/IdleBossHunter/server/src/config_parsers.cpp">
			<Option target="ibh_backend"/>
			<Option target="ibh_benchmark"/>
			<Option target="ibh_server_test"/>
		</Unit>
		<Unit filename="/home/oipo-unencrypted/Programming/IdleBossHunter/server/src/config_parsers.h">
			<Option target="ibh_backend"/>
			<Option target="ibh_benchmark"/>
			<Option target="ibh_server_test"/>
		</Unit>
		<Unit filename="/home/oipo-unencrypted/Programming/IdleBossHunter/server/src/database/database_pool.cpp">
			<Option target="ibh_backend"/>
			<Option target="ibh_benchmark"/>
			<Option target="ibh_server_test"/>
		</Unit>
		<Unit filename="/home/oipo-unencrypted/Programming/IdleBossHunter/server/src/database/database_pool.h">
			<Option target="ibh_backend"/>
			<Option target="ibh_benchmark"/>
			<Option target="ibh_server_test"/>
		</Unit>
		<Unit filename="/home/oipo-unencrypted/Programming/IdleBossHunter/server/src/database/database_transaction.cpp">
			<Option target="ibh_backend"/>
			<Option target="ibh_benchmark"/>
			<Option target="ibh_server_test"/>
		</Unit>
		<Unit filename="/home/oipo-unencrypted/Programming/IdleBossHunter/server/src/database/database_transaction.h">
			<Option target="ibh_backend"/>
			<Option target="ibh_benchmark"/>
			<Option target="ibh_server_test"/>
		</Unit>
		<Unit filename="/home/oipo-unencrypted/Programming/IdleBossHunter/server/src/game_logic/censor_sensor.cpp">
			<Option target="ibh_backend"/>
			<Option target="ibh_benchmark"/>
			<Option target="ibh_server_test"/>
		</Unit>
		<Unit filename="/home/oipo-unencrypted/Programming/IdleBossHunter/server/src/game_logic/censor_sensor.h">
			<Option target="ibh_backend"/>
			<Option target="ibh_benchmark"/>
			<Option target="ibh_server_test"/>
		</Unit>
		<Unit filename="/home/oipo-unencrypted/Programming/IdleBossHunter/server/src/game_logic/logic_helpers.cpp">
			<Option target="ibh_backend"/>
			<Option target="ibh_benchmark"/>
			<Option target="ibh_server_test"/>
		</Unit>
		<Unit filename="/home/oipo-unencrypted/Programming/IdleBossHunter/server/src/game_logic/logic_helpers.h">
			<Option target="ibh_backend"/>
			<Option target="ibh_benchmark"/>
			<Option target="ibh_server_test"/>
		</Unit>
		<Unit filename="/home/oipo-unencrypted/Programming/IdleBossHunter/server/src/game_queue_message_handlers/player_enter_handler.cpp">
			<Option target="ibh_backend"/>
			<Option target="ibh_benchmark"/>
			<Option target="ibh_server_test"/>
		</Unit>
		<Unit filename="/home/oipo-unencrypted/Programming/IdleBossHunter/server/src/game_queue_message_handlers/player_enter_handler.h">
			<Option target="ibh_backend"/>
			<Option target="ibh_benchmark"/>
			<Option target="ibh_server_test"/>
		</Unit>
		<Unit filename="/home/oipo-unencrypted/Programming/IdleBossHunter/server/src/game_queue_message_handlers/player_leave_handler.cpp">
			<Option target="ibh_backend"/>
			<Option target="ibh_benchmark"/>
			<Option target="ibh_server_test"/>
		</Unit>
		<Unit filename="/home/oipo-unencrypted/Programming/IdleBossHunter/server/src/game_queue_message_handlers/player_leave_handler.h">
			<Option target="ibh_backend"/>
			<Option target="ibh_benchmark"/>
			<Option target="ibh_server_test"/>
		</Unit>
		<Unit filename="/home/oipo-unencrypted/Programming/IdleBossHunter/server/src/game_queue_messages/messages.cpp">
			<Option target="ibh_backend"/>
			<Option target="ibh_benchmark"/>
			<Option target="ibh_server_test"/>
		</Unit>
		<Unit filename="/home/oipo-unencrypted/Programming/IdleBossHunter/server/src/game_queue_messages/messages.h">
			<Option target="ibh_backend"/>
			<Option target="ibh_benchmark"/>
			<Option target="ibh_server_test"/>
		</Unit>
		<Unit filename="/home/oipo-unencrypted/Programming/IdleBossHunter/server/src/logger_init.cpp">
			<Option target="ibh_backend"/>
			<Option target="ibh_benchmark"/>
			<Option target="ibh_server_test"/>
		</Unit>
		<Unit filename="/home/oipo-unencrypted/Programming/IdleBossHunter/server/src/logger_init.h">
			<Option target="ibh_backend"/>
			<Option target="ibh_benchmark"/>
			<Option target="ibh_server_test"/>
		</Unit>
		<Unit filename="/home/oipo-unencrypted/Programming/IdleBossHunter/server/src/main.cpp">
			<Option target="ibh_backend"/>
		</Unit>
		<Unit filename="/home/oipo-unencrypted/Programming/IdleBossHunter/server/src/message_handlers/chat/public_chat_handler.cpp">
			<Option target="ibh_backend"/>
			<Option target="ibh_benchmark"/>
			<Option target="ibh_server_test"/>
		</Unit>
		<Unit filename="/home/oipo-unencrypted/Programming/IdleBossHunter/server/src/message_handlers/chat/public_chat_handler.h">
			<Option target="ibh_backend"/>
			<Option target="ibh_benchmark"/>
			<Option target="ibh_server_test"/>
		</Unit>
		<Unit filename="/home/oipo-unencrypted/Programming/IdleBossHunter/server/src/message_handlers/moderator/set_motd_handler.cpp">
			<Option target="ibh_backend"/>
			<Option target="ibh_benchmark"/>
			<Option target="ibh_server_test"/>
		</Unit>
		<Unit filename="/home/oipo-unencrypted/Programming/IdleBossHunter/server/src/message_handlers/moderator/set_motd_handler.h">
			<Option target="ibh_backend"/>
			<Option target="ibh_benchmark"/>
			<Option target="ibh_server_test"/>
		</Unit>
		<Unit filename="/home/oipo-unencrypted/Programming/IdleBossHunter/server/src/message_handlers/user_access/character_select_handler.cpp">
			<Option target="ibh_backend"/>
			<Option target="ibh_benchmark"/>
			<Option target="ibh_server_test"/>
		</Unit>
		<Unit filename="/home/oipo-unencrypted/Programming/IdleBossHunter/server/src/message_handlers/user_access/character_select_handler.h">
			<Option target="ibh_backend"/>
			<Option target="ibh_benchmark"/>
			<Option target="ibh_server_test"/>
		</Unit>
		<Unit filename="/home/oipo-unencrypted/Programming/IdleBossHunter/server/src/message_handlers/user_access/create_character_handler.cpp">
			<Option target="ibh_backend"/>
			<Option target="ibh_benchmark"/>
			<Option target="ibh_server_test"/>
		</Unit>
		<Unit filename="/home/oipo-unencrypted/Programming/IdleBossHunter/server/src/message_handlers/user_access/create_character_handler.h">
			<Option target="ibh_backend"/>
			<Option target="ibh_benchmark"/>
			<Option target="ibh_server_test"/>
		</Unit>
		<Unit filename="/home/oipo-unencrypted/Programming/IdleBossHunter/server/src/message_handlers/user_access/delete_character_handler.cpp">
			<Option target="ibh_backend"/>
			<Option target="ibh_benchmark"/>
			<Option target="ibh_server_test"/>
		</Unit>
		<Unit filename="/home/oipo-unencrypted/Programming/IdleBossHunter/server/src/message_handlers/user_access/delete_character_handler.h">
			<Option target="ibh_backend"/>
			<Option target="ibh_benchmark"/>
			<Option target="ibh_server_test"/>
		</Unit>
		<Unit filename="/home/oipo-unencrypted/Programming/IdleBossHunter/server/src/message_handlers/user_access/login_handler.cpp">
			<Option target="ibh_backend"/>
			<Option target="ibh_benchmark"/>
			<Option target="ibh_server_test"/>
		</Unit>
		<Unit filename="/home/oipo-unencrypted/Programming/IdleBossHunter/server/src/message_handlers/user_access/login_handler.h">
			<Option target="ibh_backend"/>
			<Option target="ibh_benchmark"/>
			<Option target="ibh_server_test"/>
		</Unit>
		<Unit filename="/home/oipo-unencrypted/Programming/IdleBossHunter/server/src/message_handlers/user_access/play_character_handler.cpp">
			<Option target="ibh_backend"/>
			<Option target="ibh_benchmark"/>
			<Option target="ibh_server_test"/>
		</Unit>
		<Unit filename="/home/oipo-unencrypted/Programming/IdleBossHunter/server/src/message_handlers/user_access/play_character_handler.h">
			<Option target="ibh_backend"/>
			<Option target="ibh_benchmark"/>
			<Option target="ibh_server_test"/>
		</Unit>
		<Unit filename="/home/oipo-unencrypted/Programming/IdleBossHunter/server/src/message_handlers/user_access/register_handler.cpp">
			<Option target="ibh_backend"/>
			<Option target="ibh_benchmark"/>
			<Option target="ibh_server_test"/>
		</Unit>
		<Unit filename="/home/oipo-unencrypted/Programming/IdleBossHunter/server/src/message_handlers/user_access/register_handler.h">
			<Option target="ibh_backend"/>
			<Option target="ibh_benchmark"/>
			<Option target="ibh_server_test"/>
		</Unit>
		<Unit filename="/home/oipo-unencrypted/Programming/IdleBossHunter/server/src/repositories/banned_users_repository.cpp">
			<Option target="ibh_backend"/>
			<Option target="ibh_benchmark"/>
			<Option target="ibh_server_test"/>
		</Unit>
		<Unit filename="/home/oipo-unencrypted/Programming/IdleBossHunter/server/src/repositories/banned_users_repository.h">
			<Option target="ibh_backend"/>
			<Option target="ibh_benchmark"/>
			<Option target="ibh_server_test"/>
		</Unit>
		<Unit filename="/home/oipo-unencrypted/Programming/IdleBossHunter/server/src/repositories/boss_stats_repository.cpp">
			<Option target="ibh_backend"/>
			<Option target="ibh_benchmark"/>
			<Option target="ibh_server_test"/>
		</Unit>
		<Unit filename="/home/oipo-unencrypted/Programming/IdleBossHunter/server/src/repositories/boss_stats_repository.h">
			<Option target="ibh_backend"/>
			<Option target="ibh_benchmark"/>
			<Option target="ibh_server_test"/>
		</Unit>
		<Unit filename="/home/oipo-unencrypted/Programming/IdleBossHunter/server/src/repositories/bosses_repository.cpp">
			<Option target="ibh_backend"/>
			<Option target="ibh_benchmark"/>
			<Option target="ibh_server_test"/>
		</Unit>
		<Unit filename="/home/oipo-unencrypted/Programming/IdleBossHunter/server/src/repositories/bosses_repository.h">
			<Option target="ibh_backend"/>
			<Option target="ibh_benchmark"/>
			<Option target="ibh_server_test"/>
		</Unit>
		<Unit filename="/home/oipo-unencrypted/Programming/IdleBossHunter/server/src/repositories/character_stats_repository.cpp">
			<Option target="ibh_backend"/>
			<Option target="ibh_benchmark"/>
			<Option target="ibh_server_test"/>
		</Unit>
		<Unit filename="/home/oipo-unencrypted/Programming/IdleBossHunter/server/src/repositories/character_stats_repository.h">
			<Option target="ibh_backend"/>
			<Option target="ibh_benchmark"/>
			<Option target="ibh_server_test"/>
		</Unit>
		<Unit filename="/home/oipo-unencrypted/Programming/IdleBossHunter/server/src/repositories/characters_repository.cpp">
			<Option target="ibh_backend"/>
			<Option target="ibh_benchmark"/>
			<Option target="ibh_server_test"/>
		</Unit>
		<Unit filename="/home/oipo-unencrypted/Programming/IdleBossHunter/server/src/repositories/characters_repository.h">
			<Option target="ibh_backend"/>
			<Option target="ibh_benchmark"/>
			<Option target="ibh_server_test"/>
		</Unit>
		<Unit filename="/home/oipo-unencrypted/Programming/IdleBossHunter/server/src/repositories/clan_buildings_repository.cpp">
			<Option target="ibh_backend"/>
			<Option target="ibh_benchmark"/>
			<Option target="ibh_server_test"/>
		</Unit>
		<Unit filename="/home/oipo-unencrypted/Programming/IdleBossHunter/server/src/repositories/clan_buildings_repository.h">
			<Option target="ibh_backend"/>
			<Option target="ibh_benchmark"/>
			<Option target="ibh_server_test"/>
		</Unit>
		<Unit filename="/home/oipo-unencrypted/Programming/IdleBossHunter/server/src/repositories/clan_stats_repository.cpp">
			<Option target="ibh_backend"/>
			<Option target="ibh_benchmark"/>
			<Option target="ibh_server_test"/>
		</Unit>
		<Unit filename="/home/oipo-unencrypted/Programming/IdleBossHunter/server/src/repositories/clan_stats_repository.h">
			<Option target="ibh_backend"/>
			<Option target="ibh_benchmark"/>
			<Option target="ibh_server_test"/>
		</Unit>
		<Unit filename="/home/oipo-unencrypted/Programming/IdleBossHunter/server/src/repositories/clans_repository.cpp">
			<Option target="ibh_backend"/>
			<Option target="ibh_benchmark"/>
			<Option target="ibh_server_test"/>
		</Unit>
		<Unit filename="/home/oipo-unencrypted/Programming/IdleBossHunter/server/src/repositories/clans_repository.h">
			<Option target="ibh_backend"/>
			<Option target="ibh_benchmark"/>
			<Option target="ibh_server_test"/>
		</Unit>
		<Unit filename="/home/oipo-unencrypted/Programming/IdleBossHunter/server/src/repositories/item_stats_repository.cpp">
			<Option target="ibh_backend"/>
			<Option target="ibh_benchmark"/>
			<Option target="ibh_server_test"/>
		</Unit>
		<Unit filename="/home/oipo-unencrypted/Programming/IdleBossHunter/server/src/repositories/item_stats_repository.h">
			<Option target="ibh_backend"/>
			<Option target="ibh_benchmark"/>
			<Option target="ibh_server_test"/>
		</Unit>
		<Unit filename="/home/oipo-unencrypted/Programming/IdleBossHunter/server/src/repositories/items_repository.cpp">
			<Option target="ibh_backend"/>
			<Option target="ibh_benchmark"/>
			<Option target="ibh_server_test"/>
		</Unit>
		<Unit filename="/home/oipo-unencrypted/Programming/IdleBossHunter/server/src/repositories/items_repository.h">
			<Option target="ibh_backend"/>
			<Option target="ibh_benchmark"/>
			<Option target="ibh_server_test"/>
		</Unit>
		<Unit filename="/home/oipo-unencrypted/Programming/IdleBossHunter/server/src/repositories/users_repository.cpp">
			<Option target="ibh_backend"/>
			<Option target="ibh_benchmark"/>
			<Option target="ibh_server_test"/>
		</Unit>
		<Unit filename="/home/oipo-unencrypted/Programming/IdleBossHunter/server/src/repositories/users_repository.h">
			<Option target="ibh_backend"/>
			<Option target="ibh_benchmark"/>
			<Option target="ibh_server_test"/>
		</Unit>
		<Unit filename="/home/oipo-unencrypted/Programming/IdleBossHunter/server/src/uws_thread.cpp">
			<Option target="ibh_backend"/>
			<Option target="ibh_benchmark"/>
			<Option target="ibh_server_test"/>
		</Unit>
		<Unit filename="/home/oipo-unencrypted/Programming/IdleBossHunter/server/src/uws_thread.h">
			<Option target="ibh_backend"/>
			<Option target="ibh_benchmark"/>
			<Option target="ibh_server_test"/>
		</Unit>
		<Unit filename="/home/oipo-unencrypted/Programming/IdleBossHunter/server/test/asset_loading_tests/character_select_tests.cpp">
			<Option target="ibh_server_test"/>
		</Unit>
		<Unit filename="/home/oipo-unencrypted/Programming/IdleBossHunter/server/test/censor_sensor_tests.cpp">
			<Option target="ibh_server_test"/>
		</Unit>
		<Unit filename="/home/oipo-unencrypted/Programming/IdleBossHunter/server/test/game_queue_handler_tests/player_enter_tests.cpp">
			<Option target="ibh_server_test"/>
		</Unit>
		<Unit filename="/home/oipo-unencrypted/Programming/IdleBossHunter/server/test/game_queue_handler_tests/player_leave_tests.cpp">
			<Option target="ibh_server_test"/>
		</Unit>
		<Unit filename="/home/oipo-unencrypted/Programming/IdleBossHunter/server/test/main.cpp">
			<Option target="ibh_server_test"/>
		</Unit>
		<Unit filename="/home/oipo-unencrypted/Programming/IdleBossHunter/server/test/message_handler_tests/register_handler_tests.cpp">
			<Option target="ibh_server_test"/>
		</Unit>
		<Unit filename="/home/oipo-unencrypted/Programming/IdleBossHunter/server/test/message_serialization_tests.cpp">
			<Option target="ibh_server_test"/>
		</Unit>
		<Unit filename="/home/oipo-unencrypted/Programming/IdleBossHunter/server/test/random_helper_tests.cpp">
			<Option target="ibh_server_test"/>
		</Unit>
		<Unit filename="/home/oipo-unencrypted/Programming/IdleBossHunter/server/test/repository_tests/banned_users_repository_tests.cpp">
			<Option target="ibh_server_test"/>
		</Unit>
		<Unit filename="/home/oipo-unencrypted/Programming/IdleBossHunter/server/test/repository_tests/boss_stats_repository_tests.cpp">
			<Option target="ibh_server_test"/>
		</Unit>
		<Unit filename="/home/oipo-unencrypted/Programming/IdleBossHunter/server/test/repository_tests/bosses_repository_tests.cpp">
			<Option target="ibh_server_test"/>
		</Unit>
		<Unit filename="/home/oipo-unencrypted/Programming/IdleBossHunter/server/test/repository_tests/character_stats_repository_tests.cpp">
			<Option target="ibh_server_test"/>
		</Unit>
		<Unit filename="/home/oipo-unencrypted/Programming/IdleBossHunter/server/test/repository_tests/characters_repository_tests.cpp">
			<Option target="ibh_server_test"/>
		</Unit>
		<Unit filename="/home/oipo-unencrypted/Programming/IdleBossHunter/server/test/repository_tests/clan_buildings_repository_tests.cpp">
			<Option target="ibh_server_test"/>
		</Unit>
		<Unit filename="/home/oipo-unencrypted/Programming/IdleBossHunter/server/test/repository_tests/clan_stats_repository_tests.cpp">
			<Option target="ibh_server_test"/>
		</Unit>
		<Unit filename="/home/oipo-unencrypted/Programming/IdleBossHunter/server/test/repository_tests/clans_repository_tests.cpp">
			<Option target="ibh_server_test"/>
		</Unit>
		<Unit filename="/home/oipo-unencrypted/Programming/IdleBossHunter/server/test/repository_tests/item_stats_repository_tests.cpp">
			<Option target="ibh_server_test"/>
		</Unit>
		<Unit filename="/home/oipo-unencrypted/Programming/IdleBossHunter/server/test/repository_tests/items_repository_tests.cpp">
			<Option target="ibh_server_test"/>
		</Unit>
		<Unit filename="/home/oipo-unencrypted/Programming/IdleBossHunter/server/test/repository_tests/users_repository_tests.cpp">
			<Option target="ibh_server_test"/>
		</Unit>
		<Unit filename="/home/oipo-unencrypted/Programming/IdleBossHunter/server/test/test_helpers/startup_helper.cpp">
			<Option target="ibh_server_test"/>
		</Unit>
		<Unit filename="/home/oipo-unencrypted/Programming/IdleBossHunter/server/test/test_helpers/startup_helper.h">
			<Option target="ibh_server_test"/>
		</Unit>
		<Unit filename="/home/oipo-unencrypted/Programming/IdleBossHunter/server/test/utf_tests.cpp">
			<Option target="ibh_server_test"/>
		</Unit>
		<Unit filename="/home/oipo-unencrypted/Programming/IdleBossHunter/server/test/xxhash_tests.cpp">
			<Option target="ibh_server_test"/>
		</Unit>
		<Unit filename="/home/oipo-unencrypted/Programming/IdleBossHunter/CMakeLists.txt">
			<Option virtualFolder="CMake Files\"/>
		</Unit>
		<Unit filename="/home/oipo-unencrypted/Programming/IdleBossHunter/common/CMakeLists.txt">
			<Option virtualFolder="CMake Files\common\"/>
		</Unit>
		<Unit filename="/home/oipo-unencrypted/Programming/IdleBossHunter/frontend/CMakeLists.txt">
			<Option virtualFolder="CMake Files\frontend\"/>
		</Unit>
		<Unit filename="/home/oipo-unencrypted/Programming/IdleBossHunter/server/CMakeLists.txt">
			<Option virtualFolder="CMake Files\server\"/>
		</Unit>
	</Project>
</CodeBlocks_project_file>
